// !$*UTF8*$!
{
	archiveVersion = 1;
	classes = {
	};
	objectVersion = 46;
	objects = {

/* Begin PBXBuildFile section */
		5800C8C618F7E9EC00968165 /* HomeViewController.m in Sources */ = {isa = PBXBuildFile; fileRef = 5800C8C518F7E9EC00968165 /* HomeViewController.m */; };
		5800C8CB18F7EA7000968165 /* UIHomeBgView.m in Sources */ = {isa = PBXBuildFile; fileRef = 5800C8CA18F7EA7000968165 /* UIHomeBgView.m */; };
		5800C8D518F7EB3C00968165 /* UIDevice+extend.m in Sources */ = {isa = PBXBuildFile; fileRef = 5800C8CE18F7EB3C00968165 /* UIDevice+extend.m */; };
		5800C8D618F7EB3C00968165 /* UIScreen+extend.m in Sources */ = {isa = PBXBuildFile; fileRef = 5800C8D018F7EB3C00968165 /* UIScreen+extend.m */; };
		5800C8D718F7EB3C00968165 /* UIView+extend.m in Sources */ = {isa = PBXBuildFile; fileRef = 5800C8D218F7EB3C00968165 /* UIView+extend.m */; };
		5800C8D818F7EB3C00968165 /* UIScrollView+extend.m in Sources */ = {isa = PBXBuildFile; fileRef = 5800C8D418F7EB3C00968165 /* UIScrollView+extend.m */; };
		580913A218FA5B9A0077C3CE /* snow-4096.png in Resources */ = {isa = PBXBuildFile; fileRef = 580913A118FA5B9A0077C3CE /* snow-4096.png */; };
		580913A418FA665A0077C3CE /* snow-4096-10.png in Resources */ = {isa = PBXBuildFile; fileRef = 580913A318FA665A0077C3CE /* snow-4096-10.png */; };
		580913A618FA668C0077C3CE /* snow-2400-10.png in Resources */ = {isa = PBXBuildFile; fileRef = 580913A518FA668C0077C3CE /* snow-2400-10.png */; };
		580EE93518F981F4006983DA /* UIEditorDialogBgImageView.m in Sources */ = {isa = PBXBuildFile; fileRef = 580EE93418F981F4006983DA /* UIEditorDialogBgImageView.m */; };
		580EE93E18F98210006983DA /* UISaveDialogView.m in Sources */ = {isa = PBXBuildFile; fileRef = 580EE93D18F98210006983DA /* UISaveDialogView.m */; };
		580EE94218F98506006983DA /* UISaveToButton.m in Sources */ = {isa = PBXBuildFile; fileRef = 580EE94118F98506006983DA /* UISaveToButton.m */; };
		580EE94418F99948006983DA /* loading-48.gif in Resources */ = {isa = PBXBuildFile; fileRef = 580EE94318F99948006983DA /* loading-48.gif */; };
		58D12A2618F6BFAC006CCE9B /* Foundation.framework in Frameworks */ = {isa = PBXBuildFile; fileRef = 58D12A2518F6BFAC006CCE9B /* Foundation.framework */; };
		58D12A2818F6BFAC006CCE9B /* CoreGraphics.framework in Frameworks */ = {isa = PBXBuildFile; fileRef = 58D12A2718F6BFAC006CCE9B /* CoreGraphics.framework */; };
		58D12A2A18F6BFAC006CCE9B /* UIKit.framework in Frameworks */ = {isa = PBXBuildFile; fileRef = 58D12A2918F6BFAC006CCE9B /* UIKit.framework */; };
		58D12A3018F6BFAC006CCE9B /* InfoPlist.strings in Resources */ = {isa = PBXBuildFile; fileRef = 58D12A2E18F6BFAC006CCE9B /* InfoPlist.strings */; };
		58D12A3218F6BFAC006CCE9B /* main.m in Sources */ = {isa = PBXBuildFile; fileRef = 58D12A3118F6BFAC006CCE9B /* main.m */; };
		58D12A3618F6BFAC006CCE9B /* AppDelegate.m in Sources */ = {isa = PBXBuildFile; fileRef = 58D12A3518F6BFAC006CCE9B /* AppDelegate.m */; };
		58D12A3918F6BFAC006CCE9B /* Main.storyboard in Resources */ = {isa = PBXBuildFile; fileRef = 58D12A3718F6BFAC006CCE9B /* Main.storyboard */; };
		58D12A3C18F6BFAC006CCE9B /* RootViewController.m in Sources */ = {isa = PBXBuildFile; fileRef = 58D12A3B18F6BFAC006CCE9B /* RootViewController.m */; };
		58D12A3E18F6BFAC006CCE9B /* Images.xcassets in Resources */ = {isa = PBXBuildFile; fileRef = 58D12A3D18F6BFAC006CCE9B /* Images.xcassets */; };
		58D12A4518F6BFAC006CCE9B /* XCTest.framework in Frameworks */ = {isa = PBXBuildFile; fileRef = 58D12A4418F6BFAC006CCE9B /* XCTest.framework */; };
		58D12A4618F6BFAC006CCE9B /* Foundation.framework in Frameworks */ = {isa = PBXBuildFile; fileRef = 58D12A2518F6BFAC006CCE9B /* Foundation.framework */; };
		58D12A4718F6BFAC006CCE9B /* UIKit.framework in Frameworks */ = {isa = PBXBuildFile; fileRef = 58D12A2918F6BFAC006CCE9B /* UIKit.framework */; };
		58D12A4F18F6BFAC006CCE9B /* InfoPlist.strings in Resources */ = {isa = PBXBuildFile; fileRef = 58D12A4D18F6BFAC006CCE9B /* InfoPlist.strings */; };
		58D12A5118F6BFAC006CCE9B /* winterpixTests.m in Sources */ = {isa = PBXBuildFile; fileRef = 58D12A5018F6BFAC006CCE9B /* winterpixTests.m */; };
		58F1EA1018F7EF5500013688 /* bg-568h@2x.png in Resources */ = {isa = PBXBuildFile; fileRef = 58F1EA0F18F7EF5500013688 /* bg-568h@2x.png */; };
		58F1EA1218F7EF5C00013688 /* splash-568h@2x.png in Resources */ = {isa = PBXBuildFile; fileRef = 58F1EA1118F7EF5C00013688 /* splash-568h@2x.png */; };
		58F1EA1618F7F3E900013688 /* UIHomeSourceButton.m in Sources */ = {isa = PBXBuildFile; fileRef = 58F1EA1518F7F3E900013688 /* UIHomeSourceButton.m */; };
		58F2972A18F8F4280043BF93 /* GPUImageReplaceColorFilter.m in Sources */ = {isa = PBXBuildFile; fileRef = 58F2972918F8F4280043BF93 /* GPUImageReplaceColorFilter.m */; };
		58F2973018F9054A0043BF93 /* Processor.m in Sources */ = {isa = PBXBuildFile; fileRef = 58F2972F18F9054A0043BF93 /* Processor.m */; };
		58F2973618F910B60043BF93 /* UINavigationBarView.m in Sources */ = {isa = PBXBuildFile; fileRef = 58F2973318F910B60043BF93 /* UINavigationBarView.m */; };
		58F2973718F910B60043BF93 /* UINavigationBarButton.m in Sources */ = {isa = PBXBuildFile; fileRef = 58F2973518F910B60043BF93 /* UINavigationBarButton.m */; };
		58F2973D18F910DC0043BF93 /* UICloseButton.m in Sources */ = {isa = PBXBuildFile; fileRef = 58F2973A18F910DC0043BF93 /* UICloseButton.m */; };
		58F2973E18F910DC0043BF93 /* UISaveButton.m in Sources */ = {isa = PBXBuildFile; fileRef = 58F2973C18F910DC0043BF93 /* UISaveButton.m */; };
		58F2974518F9117A0043BF93 /* UISliderView.m in Sources */ = {isa = PBXBuildFile; fileRef = 58F2974218F9117A0043BF93 /* UISliderView.m */; };
		58F2974618F9117A0043BF93 /* UISliderThumbView.m in Sources */ = {isa = PBXBuildFile; fileRef = 58F2974418F9117A0043BF93 /* UISliderThumbView.m */; };
		58F2974918F9118C0043BF93 /* UIEditorSliderView.m in Sources */ = {isa = PBXBuildFile; fileRef = 58F2974818F9118C0043BF93 /* UIEditorSliderView.m */; };
		58F2974C18F911B40043BF93 /* UISliderContainer.m in Sources */ = {isa = PBXBuildFile; fileRef = 58F2974B18F911B40043BF93 /* UISliderContainer.m */; };
		58F6BB4718F933BC000096AC /* UIEditorPreviewImageView.m in Sources */ = {isa = PBXBuildFile; fileRef = 58F6BB4618F933BC000096AC /* UIEditorPreviewImageView.m */; };
		58F6BB4D18F93EE7000096AC /* UIRenderImageView.m in Sources */ = {isa = PBXBuildFile; fileRef = 58F6BB4C18F93EE7000096AC /* UIRenderImageView.m */; };
		58F6BB5018F9402C000096AC /* opacity-button-60@2x.png in Resources */ = {isa = PBXBuildFile; fileRef = 58F6BB4E18F9402C000096AC /* opacity-button-60@2x.png */; };
		58F6BB5118F9402C000096AC /* opacity-60@2x.png in Resources */ = {isa = PBXBuildFile; fileRef = 58F6BB4F18F9402C000096AC /* opacity-60@2x.png */; };
		58F6BB5318F94049000096AC /* kelvin-60@2x.png in Resources */ = {isa = PBXBuildFile; fileRef = 58F6BB5218F94049000096AC /* kelvin-60@2x.png */; };
		58F6BB5718F9405D000096AC /* photos-36-85@2x.png in Resources */ = {isa = PBXBuildFile; fileRef = 58F6BB5418F9405D000096AC /* photos-36-85@2x.png */; };
		58F6BB5818F9405D000096AC /* camera-36-85@2x.png in Resources */ = {isa = PBXBuildFile; fileRef = 58F6BB5518F9405D000096AC /* camera-36-85@2x.png */; };
		58F6BB5918F9405D000096AC /* twitter-36-85@2x.png in Resources */ = {isa = PBXBuildFile; fileRef = 58F6BB5618F9405D000096AC /* twitter-36-85@2x.png */; };
		58F6BB5B18F94067000096AC /* save-cloud-60@2x.png in Resources */ = {isa = PBXBuildFile; fileRef = 58F6BB5A18F94067000096AC /* save-cloud-60@2x.png */; };
		58F6FF2B18F82D030077D0DD /* home-photos@2x.png in Resources */ = {isa = PBXBuildFile; fileRef = 58F6FF2A18F82D030077D0DD /* home-photos@2x.png */; };
		58F6FF2D18F82EBA0077D0DD /* home-camera@2x.png in Resources */ = {isa = PBXBuildFile; fileRef = 58F6FF2C18F82EBA0077D0DD /* home-camera@2x.png */; };
		58F6FF3218F831B40077D0DD /* CurrentImage.m in Sources */ = {isa = PBXBuildFile; fileRef = 58F6FF3118F831B40077D0DD /* CurrentImage.m */; };
		58F6FF3518F8358A0077D0DD /* Localizable.strings in Resources */ = {isa = PBXBuildFile; fileRef = 58F6FF3718F8358A0077D0DD /* Localizable.strings */; };
		58F6FF3B18F8389B0077D0DD /* EditorViewController.m in Sources */ = {isa = PBXBuildFile; fileRef = 58F6FF3A18F8389B0077D0DD /* EditorViewController.m */; };
		58F6FF3E18F8399D0077D0DD /* UIImage+extend.m in Sources */ = {isa = PBXBuildFile; fileRef = 58F6FF3D18F8399D0077D0DD /* UIImage+extend.m */; };
		58F6FF4118F83C5B0077D0DD /* mplus-1c-bold.ttf in Resources */ = {isa = PBXBuildFile; fileRef = 58F6FF4018F83C5B0077D0DD /* mplus-1c-bold.ttf */; };
		58F6FF4318F83C820077D0DD /* sheepsansbold.ttf in Resources */ = {isa = PBXBuildFile; fileRef = 58F6FF4218F83C820077D0DD /* sheepsansbold.ttf */; };
		58F6FF5018F83E9F0077D0DD /* CoreMedia.framework in Frameworks */ = {isa = PBXBuildFile; fileRef = 58F6FF4F18F83E9F0077D0DD /* CoreMedia.framework */; };
		58F6FF5218F83EA60077D0DD /* CoreVideo.framework in Frameworks */ = {isa = PBXBuildFile; fileRef = 58F6FF5118F83EA50077D0DD /* CoreVideo.framework */; };
		58F6FF5418F83EAC0077D0DD /* OpenGLES.framework in Frameworks */ = {isa = PBXBuildFile; fileRef = 58F6FF5318F83EAC0077D0DD /* OpenGLES.framework */; };
		58F6FF5618F83EB30077D0DD /* AVFoundation.framework in Frameworks */ = {isa = PBXBuildFile; fileRef = 58F6FF5518F83EB30077D0DD /* AVFoundation.framework */; };
		58F6FF5818F83EBB0077D0DD /* QuartzCore.framework in Frameworks */ = {isa = PBXBuildFile; fileRef = 58F6FF5718F83EBB0077D0DD /* QuartzCore.framework */; };
		58F6FF5A18F83EC20077D0DD /* AssetsLibrary.framework in Frameworks */ = {isa = PBXBuildFile; fileRef = 58F6FF5918F83EC20077D0DD /* AssetsLibrary.framework */; };
		58F6FF5B18F83ECD0077D0DD /* libGPUImage.a in Frameworks */ = {isa = PBXBuildFile; fileRef = 58F6FF4C18F83E1A0077D0DD /* libGPUImage.a */; };
		58F6FF5F18F840880077D0DD /* GPUImageEffects.m in Sources */ = {isa = PBXBuildFile; fileRef = 58F6FF5E18F840880077D0DD /* GPUImageEffects.m */; };
		58F6FF8E18F840C30077D0DD /* GPUAdjustmentsWhiteBalance.m in Sources */ = {isa = PBXBuildFile; fileRef = 58F6FF6518F840C30077D0DD /* GPUAdjustmentsWhiteBalance.m */; };
		58F6FF8F18F840C30077D0DD /* GPULevelsImageFilter.m in Sources */ = {isa = PBXBuildFile; fileRef = 58F6FF6718F840C30077D0DD /* GPULevelsImageFilter.m */; };
		58F6FF9018F840C30077D0DD /* GPUAdjustmentsSaturation.m in Sources */ = {isa = PBXBuildFile; fileRef = 58F6FF6918F840C30077D0DD /* GPUAdjustmentsSaturation.m */; };
		58F6FF9118F840C30077D0DD /* GPUAdjustmentsBrightness.m in Sources */ = {isa = PBXBuildFile; fileRef = 58F6FF6B18F840C30077D0DD /* GPUAdjustmentsBrightness.m */; };
		58F6FF9218F840C30077D0DD /* GPUKelvinFilter.m in Sources */ = {isa = PBXBuildFile; fileRef = 58F6FF6D18F840C30077D0DD /* GPUKelvinFilter.m */; };
		58F6FF9318F840C30077D0DD /* GPUImageVividLightBlendFilter.m in Sources */ = {isa = PBXBuildFile; fileRef = 58F6FF6F18F840C30077D0DD /* GPUImageVividLightBlendFilter.m */; };
		58F6FF9418F840C30077D0DD /* GPUImageLinearDodgeBlendFilter.m in Sources */ = {isa = PBXBuildFile; fileRef = 58F6FF7118F840C30077D0DD /* GPUImageLinearDodgeBlendFilter.m */; };
		58F6FF9518F840C30077D0DD /* GPUPhotoFilter.m in Sources */ = {isa = PBXBuildFile; fileRef = 58F6FF7318F840C30077D0DD /* GPUPhotoFilter.m */; };
		58F6FF9618F840C30077D0DD /* GPUImageDarkerColorBlendFilter.m in Sources */ = {isa = PBXBuildFile; fileRef = 58F6FF7518F840C30077D0DD /* GPUImageDarkerColorBlendFilter.m */; };
		58F6FF9718F840C30077D0DD /* GPUImageVignette2Filter.m in Sources */ = {isa = PBXBuildFile; fileRef = 58F6FF7718F840C30077D0DD /* GPUImageVignette2Filter.m */; };
		58F6FF9818F840C30077D0DD /* GPUimageTumblinBrightnessFilter.m in Sources */ = {isa = PBXBuildFile; fileRef = 58F6FF7918F840C30077D0DD /* GPUimageTumblinBrightnessFilter.m */; };
		58F6FF9918F840C30077D0DD /* GPUImageTumblinLevelsFilter.m in Sources */ = {isa = PBXBuildFile; fileRef = 58F6FF7B18F840C30077D0DD /* GPUImageTumblinLevelsFilter.m */; };
		58F6FF9A18F840C30077D0DD /* GPUImageVibranceFilter.m in Sources */ = {isa = PBXBuildFile; fileRef = 58F6FF7D18F840C30077D0DD /* GPUImageVibranceFilter.m */; };
		58F6FF9B18F840C30077D0DD /* GPUImageNaturalSaturationFilter.m in Sources */ = {isa = PBXBuildFile; fileRef = 58F6FF7F18F840C30077D0DD /* GPUImageNaturalSaturationFilter.m */; };
		58F6FF9C18F840C30077D0DD /* GPUImageClarityFilter.m in Sources */ = {isa = PBXBuildFile; fileRef = 58F6FF8118F840C30077D0DD /* GPUImageClarityFilter.m */; };
		58F6FF9D18F840C30077D0DD /* GPUImageAllAdjustmentsInOneFilter.m in Sources */ = {isa = PBXBuildFile; fileRef = 58F6FF8318F840C30077D0DD /* GPUImageAllAdjustmentsInOneFilter.m */; };
		58F6FF9E18F840C30077D0DD /* GPUImageFocusFilter.m in Sources */ = {isa = PBXBuildFile; fileRef = 58F6FF8518F840C30077D0DD /* GPUImageFocusFilter.m */; };
		58F6FFA018F840C30077D0DD /* GPUImageHueBlendAltFIlter.m in Sources */ = {isa = PBXBuildFile; fileRef = 58F6FF8918F840C30077D0DD /* GPUImageHueBlendAltFIlter.m */; };
		58F6FFA118F840C30077D0DD /* GPUImageSaturationBlendAltFilter.m in Sources */ = {isa = PBXBuildFile; fileRef = 58F6FF8B18F840C30077D0DD /* GPUImageSaturationBlendAltFilter.m */; };
		58F6FFA218F840C30077D0DD /* GPUImageHazyFilter.m in Sources */ = {isa = PBXBuildFile; fileRef = 58F6FF8D18F840C30077D0DD /* GPUImageHazyFilter.m */; };
		58F6FFA718F8410F0077D0DD /* GPUImageGradientColorGenerator.m in Sources */ = {isa = PBXBuildFile; fileRef = 58F6FFA618F8410F0077D0DD /* GPUImageGradientColorGenerator.m */; };
		58F6FFAB18F841220077D0DD /* GPUImageChannelMixerFilter.m in Sources */ = {isa = PBXBuildFile; fileRef = 58F6FFAA18F841220077D0DD /* GPUImageChannelMixerFilter.m */; };
		58F6FFAF18F841340077D0DD /* GPUImageSelectiveColorFilter.m in Sources */ = {isa = PBXBuildFile; fileRef = 58F6FFAE18F841340077D0DD /* GPUImageSelectiveColorFilter.m */; };
		58F6FFB318F841480077D0DD /* GPUImageColorBalanceFilter.m in Sources */ = {isa = PBXBuildFile; fileRef = 58F6FFB218F841480077D0DD /* GPUImageColorBalanceFilter.m */; };
		58F6FFB718F841620077D0DD /* GPUImageHueSaturationFilter.m in Sources */ = {isa = PBXBuildFile; fileRef = 58F6FFB618F841620077D0DD /* GPUImageHueSaturationFilter.m */; };
		58F6FFBB18F8417E0077D0DD /* GPUImageGradientMapFilter.m in Sources */ = {isa = PBXBuildFile; fileRef = 58F6FFBA18F8417E0077D0DD /* GPUImageGradientMapFilter.m */; };
		58F6FFBF18F8419C0077D0DD /* GPUImagePhotoFilter.m in Sources */ = {isa = PBXBuildFile; fileRef = 58F6FFBE18F8419C0077D0DD /* GPUImagePhotoFilter.m */; };
		58F6FFC318F842FD0077D0DD /* GPUEffectColdWinter.m in Sources */ = {isa = PBXBuildFile; fileRef = 58F6FFC218F842FD0077D0DD /* GPUEffectColdWinter.m */; };
		58F6FFC818F843980077D0DD /* cw1.acv in Resources */ = {isa = PBXBuildFile; fileRef = 58F6FFC518F843980077D0DD /* cw1.acv */; };
		58F6FFC918F843980077D0DD /* cw2.acv in Resources */ = {isa = PBXBuildFile; fileRef = 58F6FFC618F843980077D0DD /* cw2.acv */; };
		58F6FFCA18F843980077D0DD /* cw3.acv in Resources */ = {isa = PBXBuildFile; fileRef = 58F6FFC718F843980077D0DD /* cw3.acv */; };
		58F6FFCC18F8447D0077D0DD /* Social.framework in Frameworks */ = {isa = PBXBuildFile; fileRef = 58F6FFCB18F8447D0077D0DD /* Social.framework */; };
		58F6FFCF18F8542C0077D0DD /* GPUImageLinearLightBlendFilter.m in Sources */ = {isa = PBXBuildFile; fileRef = 58F6FFCE18F8542C0077D0DD /* GPUImageLinearLightBlendFilter.m */; };
		58FDF7DD18F8DDA400C5A338 /* GPUEffectAutumnToWinter.m in Sources */ = {isa = PBXBuildFile; fileRef = 58FDF7DC18F8DDA400C5A338 /* GPUEffectAutumnToWinter.m */; };
/* End PBXBuildFile section */

/* Begin PBXContainerItemProxy section */
		58D12A4818F6BFAC006CCE9B /* PBXContainerItemProxy */ = {
			isa = PBXContainerItemProxy;
			containerPortal = 58D12A1A18F6BFAC006CCE9B /* Project object */;
			proxyType = 1;
			remoteGlobalIDString = 58D12A2118F6BFAC006CCE9B;
			remoteInfo = winterpix;
		};
		58F6FF4B18F83E1A0077D0DD /* PBXContainerItemProxy */ = {
			isa = PBXContainerItemProxy;
			containerPortal = 58F6FF4518F83E1A0077D0DD /* GPUImage.xcodeproj */;
			proxyType = 2;
			remoteGlobalIDString = BCF1A33414DDB1EC00852800;
			remoteInfo = GPUImage;
		};
		58F6FF4D18F83E1A0077D0DD /* PBXContainerItemProxy */ = {
			isa = PBXContainerItemProxy;
			containerPortal = 58F6FF4518F83E1A0077D0DD /* GPUImage.xcodeproj */;
			proxyType = 2;
			remoteGlobalIDString = BCF1A34414DDB1EC00852800;
			remoteInfo = GPUImageTests;
		};
/* End PBXContainerItemProxy section */

/* Begin PBXFileReference section */
		5800C8C418F7E9EC00968165 /* HomeViewController.h */ = {isa = PBXFileReference; fileEncoding = 4; lastKnownFileType = sourcecode.c.h; path = HomeViewController.h; sourceTree = "<group>"; };
		5800C8C518F7E9EC00968165 /* HomeViewController.m */ = {isa = PBXFileReference; fileEncoding = 4; lastKnownFileType = sourcecode.c.objc; path = HomeViewController.m; sourceTree = "<group>"; };
		5800C8C918F7EA7000968165 /* UIHomeBgView.h */ = {isa = PBXFileReference; fileEncoding = 4; lastKnownFileType = sourcecode.c.h; path = UIHomeBgView.h; sourceTree = "<group>"; };
		5800C8CA18F7EA7000968165 /* UIHomeBgView.m */ = {isa = PBXFileReference; fileEncoding = 4; lastKnownFileType = sourcecode.c.objc; path = UIHomeBgView.m; sourceTree = "<group>"; };
		5800C8CD18F7EB3C00968165 /* UIDevice+extend.h */ = {isa = PBXFileReference; fileEncoding = 4; lastKnownFileType = sourcecode.c.h; path = "UIDevice+extend.h"; sourceTree = "<group>"; };
		5800C8CE18F7EB3C00968165 /* UIDevice+extend.m */ = {isa = PBXFileReference; fileEncoding = 4; lastKnownFileType = sourcecode.c.objc; path = "UIDevice+extend.m"; sourceTree = "<group>"; };
		5800C8CF18F7EB3C00968165 /* UIScreen+extend.h */ = {isa = PBXFileReference; fileEncoding = 4; lastKnownFileType = sourcecode.c.h; path = "UIScreen+extend.h"; sourceTree = "<group>"; };
		5800C8D018F7EB3C00968165 /* UIScreen+extend.m */ = {isa = PBXFileReference; fileEncoding = 4; lastKnownFileType = sourcecode.c.objc; path = "UIScreen+extend.m"; sourceTree = "<group>"; };
		5800C8D118F7EB3C00968165 /* UIView+extend.h */ = {isa = PBXFileReference; fileEncoding = 4; lastKnownFileType = sourcecode.c.h; path = "UIView+extend.h"; sourceTree = "<group>"; };
		5800C8D218F7EB3C00968165 /* UIView+extend.m */ = {isa = PBXFileReference; fileEncoding = 4; lastKnownFileType = sourcecode.c.objc; path = "UIView+extend.m"; sourceTree = "<group>"; };
		5800C8D318F7EB3C00968165 /* UIScrollView+extend.h */ = {isa = PBXFileReference; fileEncoding = 4; lastKnownFileType = sourcecode.c.h; path = "UIScrollView+extend.h"; sourceTree = "<group>"; };
		5800C8D418F7EB3C00968165 /* UIScrollView+extend.m */ = {isa = PBXFileReference; fileEncoding = 4; lastKnownFileType = sourcecode.c.objc; path = "UIScrollView+extend.m"; sourceTree = "<group>"; };
		5800C8D918F7EB6100968165 /* ja */ = {isa = PBXFileReference; lastKnownFileType = text.plist.strings; name = ja; path = ja.lproj/InfoPlist.strings; sourceTree = "<group>"; };
		5800C8DA18F7EB6100968165 /* ja */ = {isa = PBXFileReference; lastKnownFileType = text.plist.strings; name = ja; path = ja.lproj/InfoPlist.strings; sourceTree = "<group>"; };
		580913A118FA5B9A0077C3CE /* snow-4096.png */ = {isa = PBXFileReference; lastKnownFileType = image.png; path = "snow-4096.png"; sourceTree = "<group>"; };
		580913A318FA665A0077C3CE /* snow-4096-10.png */ = {isa = PBXFileReference; lastKnownFileType = image.png; path = "snow-4096-10.png"; sourceTree = "<group>"; };
		580913A518FA668C0077C3CE /* snow-2400-10.png */ = {isa = PBXFileReference; lastKnownFileType = image.png; path = "snow-2400-10.png"; sourceTree = "<group>"; };
		580EE93318F981F4006983DA /* UIEditorDialogBgImageView.h */ = {isa = PBXFileReference; fileEncoding = 4; lastKnownFileType = sourcecode.c.h; path = UIEditorDialogBgImageView.h; sourceTree = "<group>"; };
		580EE93418F981F4006983DA /* UIEditorDialogBgImageView.m */ = {isa = PBXFileReference; fileEncoding = 4; lastKnownFileType = sourcecode.c.objc; path = UIEditorDialogBgImageView.m; sourceTree = "<group>"; };
		580EE93C18F98210006983DA /* UISaveDialogView.h */ = {isa = PBXFileReference; fileEncoding = 4; lastKnownFileType = sourcecode.c.h; path = UISaveDialogView.h; sourceTree = "<group>"; };
		580EE93D18F98210006983DA /* UISaveDialogView.m */ = {isa = PBXFileReference; fileEncoding = 4; lastKnownFileType = sourcecode.c.objc; path = UISaveDialogView.m; sourceTree = "<group>"; };
		580EE94018F98506006983DA /* UISaveToButton.h */ = {isa = PBXFileReference; fileEncoding = 4; lastKnownFileType = sourcecode.c.h; path = UISaveToButton.h; sourceTree = "<group>"; };
		580EE94118F98506006983DA /* UISaveToButton.m */ = {isa = PBXFileReference; fileEncoding = 4; lastKnownFileType = sourcecode.c.objc; path = UISaveToButton.m; sourceTree = "<group>"; };
		580EE94318F99948006983DA /* loading-48.gif */ = {isa = PBXFileReference; lastKnownFileType = image.gif; path = "loading-48.gif"; sourceTree = "<group>"; };
		58D12A2218F6BFAC006CCE9B /* winterpix.app */ = {isa = PBXFileReference; explicitFileType = wrapper.application; includeInIndex = 0; path = winterpix.app; sourceTree = BUILT_PRODUCTS_DIR; };
		58D12A2518F6BFAC006CCE9B /* Foundation.framework */ = {isa = PBXFileReference; lastKnownFileType = wrapper.framework; name = Foundation.framework; path = System/Library/Frameworks/Foundation.framework; sourceTree = SDKROOT; };
		58D12A2718F6BFAC006CCE9B /* CoreGraphics.framework */ = {isa = PBXFileReference; lastKnownFileType = wrapper.framework; name = CoreGraphics.framework; path = System/Library/Frameworks/CoreGraphics.framework; sourceTree = SDKROOT; };
		58D12A2918F6BFAC006CCE9B /* UIKit.framework */ = {isa = PBXFileReference; lastKnownFileType = wrapper.framework; name = UIKit.framework; path = System/Library/Frameworks/UIKit.framework; sourceTree = SDKROOT; };
		58D12A2D18F6BFAC006CCE9B /* winterpix-Info.plist */ = {isa = PBXFileReference; lastKnownFileType = text.plist.xml; path = "winterpix-Info.plist"; sourceTree = "<group>"; };
		58D12A2F18F6BFAC006CCE9B /* en */ = {isa = PBXFileReference; lastKnownFileType = text.plist.strings; name = en; path = en.lproj/InfoPlist.strings; sourceTree = "<group>"; };
		58D12A3118F6BFAC006CCE9B /* main.m */ = {isa = PBXFileReference; lastKnownFileType = sourcecode.c.objc; path = main.m; sourceTree = "<group>"; };
		58D12A3318F6BFAC006CCE9B /* winterpix-Prefix.pch */ = {isa = PBXFileReference; lastKnownFileType = sourcecode.c.h; path = "winterpix-Prefix.pch"; sourceTree = "<group>"; };
		58D12A3418F6BFAC006CCE9B /* AppDelegate.h */ = {isa = PBXFileReference; lastKnownFileType = sourcecode.c.h; path = AppDelegate.h; sourceTree = "<group>"; };
		58D12A3518F6BFAC006CCE9B /* AppDelegate.m */ = {isa = PBXFileReference; lastKnownFileType = sourcecode.c.objc; path = AppDelegate.m; sourceTree = "<group>"; };
		58D12A3818F6BFAC006CCE9B /* Base */ = {isa = PBXFileReference; lastKnownFileType = file.storyboard; name = Base; path = Base.lproj/Main.storyboard; sourceTree = "<group>"; };
		58D12A3A18F6BFAC006CCE9B /* RootViewController.h */ = {isa = PBXFileReference; lastKnownFileType = sourcecode.c.h; path = RootViewController.h; sourceTree = "<group>"; };
		58D12A3B18F6BFAC006CCE9B /* RootViewController.m */ = {isa = PBXFileReference; lastKnownFileType = sourcecode.c.objc; path = RootViewController.m; sourceTree = "<group>"; };
		58D12A3D18F6BFAC006CCE9B /* Images.xcassets */ = {isa = PBXFileReference; lastKnownFileType = folder.assetcatalog; path = Images.xcassets; sourceTree = "<group>"; };
		58D12A4318F6BFAC006CCE9B /* winterpixTests.xctest */ = {isa = PBXFileReference; explicitFileType = wrapper.cfbundle; includeInIndex = 0; path = winterpixTests.xctest; sourceTree = BUILT_PRODUCTS_DIR; };
		58D12A4418F6BFAC006CCE9B /* XCTest.framework */ = {isa = PBXFileReference; lastKnownFileType = wrapper.framework; name = XCTest.framework; path = Library/Frameworks/XCTest.framework; sourceTree = DEVELOPER_DIR; };
		58D12A4C18F6BFAC006CCE9B /* winterpixTests-Info.plist */ = {isa = PBXFileReference; lastKnownFileType = text.plist.xml; path = "winterpixTests-Info.plist"; sourceTree = "<group>"; };
		58D12A4E18F6BFAC006CCE9B /* en */ = {isa = PBXFileReference; lastKnownFileType = text.plist.strings; name = en; path = en.lproj/InfoPlist.strings; sourceTree = "<group>"; };
		58D12A5018F6BFAC006CCE9B /* winterpixTests.m */ = {isa = PBXFileReference; lastKnownFileType = sourcecode.c.objc; path = winterpixTests.m; sourceTree = "<group>"; };
		58F1EA0F18F7EF5500013688 /* bg-568h@2x.png */ = {isa = PBXFileReference; lastKnownFileType = image.png; path = "bg-568h@2x.png"; sourceTree = "<group>"; };
		58F1EA1118F7EF5C00013688 /* splash-568h@2x.png */ = {isa = PBXFileReference; lastKnownFileType = image.png; path = "splash-568h@2x.png"; sourceTree = "<group>"; };
		58F1EA1418F7F3E900013688 /* UIHomeSourceButton.h */ = {isa = PBXFileReference; fileEncoding = 4; lastKnownFileType = sourcecode.c.h; path = UIHomeSourceButton.h; sourceTree = "<group>"; };
		58F1EA1518F7F3E900013688 /* UIHomeSourceButton.m */ = {isa = PBXFileReference; fileEncoding = 4; lastKnownFileType = sourcecode.c.objc; path = UIHomeSourceButton.m; sourceTree = "<group>"; };
		58F2972818F8F4280043BF93 /* GPUImageReplaceColorFilter.h */ = {isa = PBXFileReference; fileEncoding = 4; lastKnownFileType = sourcecode.c.h; path = GPUImageReplaceColorFilter.h; sourceTree = "<group>"; };
		58F2972918F8F4280043BF93 /* GPUImageReplaceColorFilter.m */ = {isa = PBXFileReference; fileEncoding = 4; lastKnownFileType = sourcecode.c.objc; path = GPUImageReplaceColorFilter.m; sourceTree = "<group>"; };
		58F2972E18F9054A0043BF93 /* Processor.h */ = {isa = PBXFileReference; fileEncoding = 4; lastKnownFileType = sourcecode.c.h; path = Processor.h; sourceTree = "<group>"; };
		58F2972F18F9054A0043BF93 /* Processor.m */ = {isa = PBXFileReference; fileEncoding = 4; lastKnownFileType = sourcecode.c.objc; path = Processor.m; sourceTree = "<group>"; };
		58F2973218F910B60043BF93 /* UINavigationBarView.h */ = {isa = PBXFileReference; fileEncoding = 4; lastKnownFileType = sourcecode.c.h; path = UINavigationBarView.h; sourceTree = "<group>"; };
		58F2973318F910B60043BF93 /* UINavigationBarView.m */ = {isa = PBXFileReference; fileEncoding = 4; lastKnownFileType = sourcecode.c.objc; path = UINavigationBarView.m; sourceTree = "<group>"; };
		58F2973418F910B60043BF93 /* UINavigationBarButton.h */ = {isa = PBXFileReference; fileEncoding = 4; lastKnownFileType = sourcecode.c.h; path = UINavigationBarButton.h; sourceTree = "<group>"; };
		58F2973518F910B60043BF93 /* UINavigationBarButton.m */ = {isa = PBXFileReference; fileEncoding = 4; lastKnownFileType = sourcecode.c.objc; path = UINavigationBarButton.m; sourceTree = "<group>"; };
		58F2973918F910DC0043BF93 /* UICloseButton.h */ = {isa = PBXFileReference; fileEncoding = 4; lastKnownFileType = sourcecode.c.h; path = UICloseButton.h; sourceTree = "<group>"; };
		58F2973A18F910DC0043BF93 /* UICloseButton.m */ = {isa = PBXFileReference; fileEncoding = 4; lastKnownFileType = sourcecode.c.objc; path = UICloseButton.m; sourceTree = "<group>"; };
		58F2973B18F910DC0043BF93 /* UISaveButton.h */ = {isa = PBXFileReference; fileEncoding = 4; lastKnownFileType = sourcecode.c.h; path = UISaveButton.h; sourceTree = "<group>"; };
		58F2973C18F910DC0043BF93 /* UISaveButton.m */ = {isa = PBXFileReference; fileEncoding = 4; lastKnownFileType = sourcecode.c.objc; path = UISaveButton.m; sourceTree = "<group>"; };
		58F2974118F9117A0043BF93 /* UISliderView.h */ = {isa = PBXFileReference; fileEncoding = 4; lastKnownFileType = sourcecode.c.h; path = UISliderView.h; sourceTree = "<group>"; };
		58F2974218F9117A0043BF93 /* UISliderView.m */ = {isa = PBXFileReference; fileEncoding = 4; lastKnownFileType = sourcecode.c.objc; path = UISliderView.m; sourceTree = "<group>"; };
		58F2974318F9117A0043BF93 /* UISliderThumbView.h */ = {isa = PBXFileReference; fileEncoding = 4; lastKnownFileType = sourcecode.c.h; path = UISliderThumbView.h; sourceTree = "<group>"; };
		58F2974418F9117A0043BF93 /* UISliderThumbView.m */ = {isa = PBXFileReference; fileEncoding = 4; lastKnownFileType = sourcecode.c.objc; path = UISliderThumbView.m; sourceTree = "<group>"; };
		58F2974718F9118B0043BF93 /* UIEditorSliderView.h */ = {isa = PBXFileReference; fileEncoding = 4; lastKnownFileType = sourcecode.c.h; path = UIEditorSliderView.h; sourceTree = "<group>"; };
		58F2974818F9118C0043BF93 /* UIEditorSliderView.m */ = {isa = PBXFileReference; fileEncoding = 4; lastKnownFileType = sourcecode.c.objc; path = UIEditorSliderView.m; sourceTree = "<group>"; };
		58F2974A18F911B40043BF93 /* UISliderContainer.h */ = {isa = PBXFileReference; fileEncoding = 4; lastKnownFileType = sourcecode.c.h; path = UISliderContainer.h; sourceTree = "<group>"; };
		58F2974B18F911B40043BF93 /* UISliderContainer.m */ = {isa = PBXFileReference; fileEncoding = 4; lastKnownFileType = sourcecode.c.objc; path = UISliderContainer.m; sourceTree = "<group>"; };
		58F6BB4518F933BC000096AC /* UIEditorPreviewImageView.h */ = {isa = PBXFileReference; fileEncoding = 4; lastKnownFileType = sourcecode.c.h; path = UIEditorPreviewImageView.h; sourceTree = "<group>"; };
		58F6BB4618F933BC000096AC /* UIEditorPreviewImageView.m */ = {isa = PBXFileReference; fileEncoding = 4; lastKnownFileType = sourcecode.c.objc; path = UIEditorPreviewImageView.m; sourceTree = "<group>"; };
		58F6BB4B18F93EE7000096AC /* UIRenderImageView.h */ = {isa = PBXFileReference; fileEncoding = 4; lastKnownFileType = sourcecode.c.h; path = UIRenderImageView.h; sourceTree = "<group>"; };
		58F6BB4C18F93EE7000096AC /* UIRenderImageView.m */ = {isa = PBXFileReference; fileEncoding = 4; lastKnownFileType = sourcecode.c.objc; path = UIRenderImageView.m; sourceTree = "<group>"; };
		58F6BB4E18F9402C000096AC /* opacity-button-60@2x.png */ = {isa = PBXFileReference; lastKnownFileType = image.png; path = "opacity-button-60@2x.png"; sourceTree = "<group>"; };
		58F6BB4F18F9402C000096AC /* opacity-60@2x.png */ = {isa = PBXFileReference; lastKnownFileType = image.png; path = "opacity-60@2x.png"; sourceTree = "<group>"; };
		58F6BB5218F94049000096AC /* kelvin-60@2x.png */ = {isa = PBXFileReference; lastKnownFileType = image.png; path = "kelvin-60@2x.png"; sourceTree = "<group>"; };
		58F6BB5418F9405D000096AC /* photos-36-85@2x.png */ = {isa = PBXFileReference; lastKnownFileType = image.png; path = "photos-36-85@2x.png"; sourceTree = "<group>"; };
		58F6BB5518F9405D000096AC /* camera-36-85@2x.png */ = {isa = PBXFileReference; lastKnownFileType = image.png; path = "camera-36-85@2x.png"; sourceTree = "<group>"; };
		58F6BB5618F9405D000096AC /* twitter-36-85@2x.png */ = {isa = PBXFileReference; lastKnownFileType = image.png; path = "twitter-36-85@2x.png"; sourceTree = "<group>"; };
		58F6BB5A18F94067000096AC /* save-cloud-60@2x.png */ = {isa = PBXFileReference; lastKnownFileType = image.png; path = "save-cloud-60@2x.png"; sourceTree = "<group>"; };
		58F6FF2A18F82D030077D0DD /* home-photos@2x.png */ = {isa = PBXFileReference; lastKnownFileType = image.png; path = "home-photos@2x.png"; sourceTree = "<group>"; };
		58F6FF2C18F82EBA0077D0DD /* home-camera@2x.png */ = {isa = PBXFileReference; lastKnownFileType = image.png; path = "home-camera@2x.png"; sourceTree = "<group>"; };
		58F6FF3018F831B40077D0DD /* CurrentImage.h */ = {isa = PBXFileReference; fileEncoding = 4; lastKnownFileType = sourcecode.c.h; path = CurrentImage.h; sourceTree = "<group>"; };
		58F6FF3118F831B40077D0DD /* CurrentImage.m */ = {isa = PBXFileReference; fileEncoding = 4; lastKnownFileType = sourcecode.c.objc; path = CurrentImage.m; sourceTree = "<group>"; };
		58F6FF3618F8358A0077D0DD /* en */ = {isa = PBXFileReference; lastKnownFileType = text.plist.strings; name = en; path = en.lproj/Localizable.strings; sourceTree = "<group>"; };
		58F6FF3818F8358B0077D0DD /* ja */ = {isa = PBXFileReference; lastKnownFileType = text.plist.strings; name = ja; path = ja.lproj/Localizable.strings; sourceTree = "<group>"; };
		58F6FF3918F8389B0077D0DD /* EditorViewController.h */ = {isa = PBXFileReference; fileEncoding = 4; lastKnownFileType = sourcecode.c.h; path = EditorViewController.h; sourceTree = "<group>"; };
		58F6FF3A18F8389B0077D0DD /* EditorViewController.m */ = {isa = PBXFileReference; fileEncoding = 4; lastKnownFileType = sourcecode.c.objc; path = EditorViewController.m; sourceTree = "<group>"; };
		58F6FF3C18F8399D0077D0DD /* UIImage+extend.h */ = {isa = PBXFileReference; fileEncoding = 4; lastKnownFileType = sourcecode.c.h; path = "UIImage+extend.h"; sourceTree = "<group>"; };
		58F6FF3D18F8399D0077D0DD /* UIImage+extend.m */ = {isa = PBXFileReference; fileEncoding = 4; lastKnownFileType = sourcecode.c.objc; path = "UIImage+extend.m"; sourceTree = "<group>"; };
		58F6FF4018F83C5B0077D0DD /* mplus-1c-bold.ttf */ = {isa = PBXFileReference; lastKnownFileType = file; path = "mplus-1c-bold.ttf"; sourceTree = "<group>"; };
		58F6FF4218F83C820077D0DD /* sheepsansbold.ttf */ = {isa = PBXFileReference; lastKnownFileType = file; path = sheepsansbold.ttf; sourceTree = "<group>"; };
		58F6FF4518F83E1A0077D0DD /* GPUImage.xcodeproj */ = {isa = PBXFileReference; lastKnownFileType = "wrapper.pb-project"; name = GPUImage.xcodeproj; path = GPUImage/framework/GPUImage.xcodeproj; sourceTree = "<group>"; };
		58F6FF4F18F83E9F0077D0DD /* CoreMedia.framework */ = {isa = PBXFileReference; lastKnownFileType = wrapper.framework; name = CoreMedia.framework; path = System/Library/Frameworks/CoreMedia.framework; sourceTree = SDKROOT; };
		58F6FF5118F83EA50077D0DD /* CoreVideo.framework */ = {isa = PBXFileReference; lastKnownFileType = wrapper.framework; name = CoreVideo.framework; path = System/Library/Frameworks/CoreVideo.framework; sourceTree = SDKROOT; };
		58F6FF5318F83EAC0077D0DD /* OpenGLES.framework */ = {isa = PBXFileReference; lastKnownFileType = wrapper.framework; name = OpenGLES.framework; path = System/Library/Frameworks/OpenGLES.framework; sourceTree = SDKROOT; };
		58F6FF5518F83EB30077D0DD /* AVFoundation.framework */ = {isa = PBXFileReference; lastKnownFileType = wrapper.framework; name = AVFoundation.framework; path = System/Library/Frameworks/AVFoundation.framework; sourceTree = SDKROOT; };
		58F6FF5718F83EBB0077D0DD /* QuartzCore.framework */ = {isa = PBXFileReference; lastKnownFileType = wrapper.framework; name = QuartzCore.framework; path = System/Library/Frameworks/QuartzCore.framework; sourceTree = SDKROOT; };
		58F6FF5918F83EC20077D0DD /* AssetsLibrary.framework */ = {isa = PBXFileReference; lastKnownFileType = wrapper.framework; name = AssetsLibrary.framework; path = System/Library/Frameworks/AssetsLibrary.framework; sourceTree = SDKROOT; };
		58F6FF5D18F840880077D0DD /* GPUImageEffects.h */ = {isa = PBXFileReference; fileEncoding = 4; lastKnownFileType = sourcecode.c.h; path = GPUImageEffects.h; sourceTree = "<group>"; };
		58F6FF5E18F840880077D0DD /* GPUImageEffects.m */ = {isa = PBXFileReference; fileEncoding = 4; lastKnownFileType = sourcecode.c.objc; path = GPUImageEffects.m; sourceTree = "<group>"; };
		58F6FF6418F840C30077D0DD /* GPUAdjustmentsWhiteBalance.h */ = {isa = PBXFileReference; fileEncoding = 4; lastKnownFileType = sourcecode.c.h; path = GPUAdjustmentsWhiteBalance.h; sourceTree = "<group>"; };
		58F6FF6518F840C30077D0DD /* GPUAdjustmentsWhiteBalance.m */ = {isa = PBXFileReference; fileEncoding = 4; lastKnownFileType = sourcecode.c.objc; path = GPUAdjustmentsWhiteBalance.m; sourceTree = "<group>"; };
		58F6FF6618F840C30077D0DD /* GPULevelsImageFilter.h */ = {isa = PBXFileReference; fileEncoding = 4; lastKnownFileType = sourcecode.c.h; path = GPULevelsImageFilter.h; sourceTree = "<group>"; };
		58F6FF6718F840C30077D0DD /* GPULevelsImageFilter.m */ = {isa = PBXFileReference; fileEncoding = 4; lastKnownFileType = sourcecode.c.objc; path = GPULevelsImageFilter.m; sourceTree = "<group>"; };
		58F6FF6818F840C30077D0DD /* GPUAdjustmentsSaturation.h */ = {isa = PBXFileReference; fileEncoding = 4; lastKnownFileType = sourcecode.c.h; path = GPUAdjustmentsSaturation.h; sourceTree = "<group>"; };
		58F6FF6918F840C30077D0DD /* GPUAdjustmentsSaturation.m */ = {isa = PBXFileReference; fileEncoding = 4; lastKnownFileType = sourcecode.c.objc; path = GPUAdjustmentsSaturation.m; sourceTree = "<group>"; };
		58F6FF6A18F840C30077D0DD /* GPUAdjustmentsBrightness.h */ = {isa = PBXFileReference; fileEncoding = 4; lastKnownFileType = sourcecode.c.h; path = GPUAdjustmentsBrightness.h; sourceTree = "<group>"; };
		58F6FF6B18F840C30077D0DD /* GPUAdjustmentsBrightness.m */ = {isa = PBXFileReference; fileEncoding = 4; lastKnownFileType = sourcecode.c.objc; path = GPUAdjustmentsBrightness.m; sourceTree = "<group>"; };
		58F6FF6C18F840C30077D0DD /* GPUKelvinFilter.h */ = {isa = PBXFileReference; fileEncoding = 4; lastKnownFileType = sourcecode.c.h; path = GPUKelvinFilter.h; sourceTree = "<group>"; };
		58F6FF6D18F840C30077D0DD /* GPUKelvinFilter.m */ = {isa = PBXFileReference; fileEncoding = 4; lastKnownFileType = sourcecode.c.objc; path = GPUKelvinFilter.m; sourceTree = "<group>"; };
		58F6FF6E18F840C30077D0DD /* GPUImageVividLightBlendFilter.h */ = {isa = PBXFileReference; fileEncoding = 4; lastKnownFileType = sourcecode.c.h; path = GPUImageVividLightBlendFilter.h; sourceTree = "<group>"; };
		58F6FF6F18F840C30077D0DD /* GPUImageVividLightBlendFilter.m */ = {isa = PBXFileReference; fileEncoding = 4; lastKnownFileType = sourcecode.c.objc; path = GPUImageVividLightBlendFilter.m; sourceTree = "<group>"; };
		58F6FF7018F840C30077D0DD /* GPUImageLinearDodgeBlendFilter.h */ = {isa = PBXFileReference; fileEncoding = 4; lastKnownFileType = sourcecode.c.h; path = GPUImageLinearDodgeBlendFilter.h; sourceTree = "<group>"; };
		58F6FF7118F840C30077D0DD /* GPUImageLinearDodgeBlendFilter.m */ = {isa = PBXFileReference; fileEncoding = 4; lastKnownFileType = sourcecode.c.objc; path = GPUImageLinearDodgeBlendFilter.m; sourceTree = "<group>"; };
		58F6FF7218F840C30077D0DD /* GPUPhotoFilter.h */ = {isa = PBXFileReference; fileEncoding = 4; lastKnownFileType = sourcecode.c.h; path = GPUPhotoFilter.h; sourceTree = "<group>"; };
		58F6FF7318F840C30077D0DD /* GPUPhotoFilter.m */ = {isa = PBXFileReference; fileEncoding = 4; lastKnownFileType = sourcecode.c.objc; path = GPUPhotoFilter.m; sourceTree = "<group>"; };
		58F6FF7418F840C30077D0DD /* GPUImageDarkerColorBlendFilter.h */ = {isa = PBXFileReference; fileEncoding = 4; lastKnownFileType = sourcecode.c.h; path = GPUImageDarkerColorBlendFilter.h; sourceTree = "<group>"; };
		58F6FF7518F840C30077D0DD /* GPUImageDarkerColorBlendFilter.m */ = {isa = PBXFileReference; fileEncoding = 4; lastKnownFileType = sourcecode.c.objc; path = GPUImageDarkerColorBlendFilter.m; sourceTree = "<group>"; };
		58F6FF7618F840C30077D0DD /* GPUImageVignette2Filter.h */ = {isa = PBXFileReference; fileEncoding = 4; lastKnownFileType = sourcecode.c.h; path = GPUImageVignette2Filter.h; sourceTree = "<group>"; };
		58F6FF7718F840C30077D0DD /* GPUImageVignette2Filter.m */ = {isa = PBXFileReference; fileEncoding = 4; lastKnownFileType = sourcecode.c.objc; path = GPUImageVignette2Filter.m; sourceTree = "<group>"; };
		58F6FF7818F840C30077D0DD /* GPUimageTumblinBrightnessFilter.h */ = {isa = PBXFileReference; fileEncoding = 4; lastKnownFileType = sourcecode.c.h; path = GPUimageTumblinBrightnessFilter.h; sourceTree = "<group>"; };
		58F6FF7918F840C30077D0DD /* GPUimageTumblinBrightnessFilter.m */ = {isa = PBXFileReference; fileEncoding = 4; lastKnownFileType = sourcecode.c.objc; path = GPUimageTumblinBrightnessFilter.m; sourceTree = "<group>"; };
		58F6FF7A18F840C30077D0DD /* GPUImageTumblinLevelsFilter.h */ = {isa = PBXFileReference; fileEncoding = 4; lastKnownFileType = sourcecode.c.h; path = GPUImageTumblinLevelsFilter.h; sourceTree = "<group>"; };
		58F6FF7B18F840C30077D0DD /* GPUImageTumblinLevelsFilter.m */ = {isa = PBXFileReference; fileEncoding = 4; lastKnownFileType = sourcecode.c.objc; path = GPUImageTumblinLevelsFilter.m; sourceTree = "<group>"; };
		58F6FF7C18F840C30077D0DD /* GPUImageVibranceFilter.h */ = {isa = PBXFileReference; fileEncoding = 4; lastKnownFileType = sourcecode.c.h; path = GPUImageVibranceFilter.h; sourceTree = "<group>"; };
		58F6FF7D18F840C30077D0DD /* GPUImageVibranceFilter.m */ = {isa = PBXFileReference; fileEncoding = 4; lastKnownFileType = sourcecode.c.objc; path = GPUImageVibranceFilter.m; sourceTree = "<group>"; };
		58F6FF7E18F840C30077D0DD /* GPUImageNaturalSaturationFilter.h */ = {isa = PBXFileReference; fileEncoding = 4; lastKnownFileType = sourcecode.c.h; path = GPUImageNaturalSaturationFilter.h; sourceTree = "<group>"; };
		58F6FF7F18F840C30077D0DD /* GPUImageNaturalSaturationFilter.m */ = {isa = PBXFileReference; fileEncoding = 4; lastKnownFileType = sourcecode.c.objc; path = GPUImageNaturalSaturationFilter.m; sourceTree = "<group>"; };
		58F6FF8018F840C30077D0DD /* GPUImageClarityFilter.h */ = {isa = PBXFileReference; fileEncoding = 4; lastKnownFileType = sourcecode.c.h; path = GPUImageClarityFilter.h; sourceTree = "<group>"; };
		58F6FF8118F840C30077D0DD /* GPUImageClarityFilter.m */ = {isa = PBXFileReference; fileEncoding = 4; lastKnownFileType = sourcecode.c.objc; path = GPUImageClarityFilter.m; sourceTree = "<group>"; };
		58F6FF8218F840C30077D0DD /* GPUImageAllAdjustmentsInOneFilter.h */ = {isa = PBXFileReference; fileEncoding = 4; lastKnownFileType = sourcecode.c.h; path = GPUImageAllAdjustmentsInOneFilter.h; sourceTree = "<group>"; };
		58F6FF8318F840C30077D0DD /* GPUImageAllAdjustmentsInOneFilter.m */ = {isa = PBXFileReference; fileEncoding = 4; lastKnownFileType = sourcecode.c.objc; path = GPUImageAllAdjustmentsInOneFilter.m; sourceTree = "<group>"; };
		58F6FF8418F840C30077D0DD /* GPUImageFocusFilter.h */ = {isa = PBXFileReference; fileEncoding = 4; lastKnownFileType = sourcecode.c.h; path = GPUImageFocusFilter.h; sourceTree = "<group>"; };
		58F6FF8518F840C30077D0DD /* GPUImageFocusFilter.m */ = {isa = PBXFileReference; fileEncoding = 4; lastKnownFileType = sourcecode.c.objc; path = GPUImageFocusFilter.m; sourceTree = "<group>"; };
		58F6FF8818F840C30077D0DD /* GPUImageHueBlendAltFIlter.h */ = {isa = PBXFileReference; fileEncoding = 4; lastKnownFileType = sourcecode.c.h; path = GPUImageHueBlendAltFIlter.h; sourceTree = "<group>"; };
		58F6FF8918F840C30077D0DD /* GPUImageHueBlendAltFIlter.m */ = {isa = PBXFileReference; fileEncoding = 4; lastKnownFileType = sourcecode.c.objc; path = GPUImageHueBlendAltFIlter.m; sourceTree = "<group>"; };
		58F6FF8A18F840C30077D0DD /* GPUImageSaturationBlendAltFilter.h */ = {isa = PBXFileReference; fileEncoding = 4; lastKnownFileType = sourcecode.c.h; path = GPUImageSaturationBlendAltFilter.h; sourceTree = "<group>"; };
		58F6FF8B18F840C30077D0DD /* GPUImageSaturationBlendAltFilter.m */ = {isa = PBXFileReference; fileEncoding = 4; lastKnownFileType = sourcecode.c.objc; path = GPUImageSaturationBlendAltFilter.m; sourceTree = "<group>"; };
		58F6FF8C18F840C30077D0DD /* GPUImageHazyFilter.h */ = {isa = PBXFileReference; fileEncoding = 4; lastKnownFileType = sourcecode.c.h; path = GPUImageHazyFilter.h; sourceTree = "<group>"; };
		58F6FF8D18F840C30077D0DD /* GPUImageHazyFilter.m */ = {isa = PBXFileReference; fileEncoding = 4; lastKnownFileType = sourcecode.c.objc; path = GPUImageHazyFilter.m; sourceTree = "<group>"; };
		58F6FFA518F8410F0077D0DD /* GPUImageGradientColorGenerator.h */ = {isa = PBXFileReference; fileEncoding = 4; lastKnownFileType = sourcecode.c.h; path = GPUImageGradientColorGenerator.h; sourceTree = "<group>"; };
		58F6FFA618F8410F0077D0DD /* GPUImageGradientColorGenerator.m */ = {isa = PBXFileReference; fileEncoding = 4; lastKnownFileType = sourcecode.c.objc; path = GPUImageGradientColorGenerator.m; sourceTree = "<group>"; };
		58F6FFA918F841220077D0DD /* GPUImageChannelMixerFilter.h */ = {isa = PBXFileReference; fileEncoding = 4; lastKnownFileType = sourcecode.c.h; path = GPUImageChannelMixerFilter.h; sourceTree = "<group>"; };
		58F6FFAA18F841220077D0DD /* GPUImageChannelMixerFilter.m */ = {isa = PBXFileReference; fileEncoding = 4; lastKnownFileType = sourcecode.c.objc; path = GPUImageChannelMixerFilter.m; sourceTree = "<group>"; };
		58F6FFAD18F841340077D0DD /* GPUImageSelectiveColorFilter.h */ = {isa = PBXFileReference; fileEncoding = 4; lastKnownFileType = sourcecode.c.h; path = GPUImageSelectiveColorFilter.h; sourceTree = "<group>"; };
		58F6FFAE18F841340077D0DD /* GPUImageSelectiveColorFilter.m */ = {isa = PBXFileReference; fileEncoding = 4; lastKnownFileType = sourcecode.c.objc; path = GPUImageSelectiveColorFilter.m; sourceTree = "<group>"; };
		58F6FFB118F841480077D0DD /* GPUImageColorBalanceFilter.h */ = {isa = PBXFileReference; fileEncoding = 4; lastKnownFileType = sourcecode.c.h; path = GPUImageColorBalanceFilter.h; sourceTree = "<group>"; };
		58F6FFB218F841480077D0DD /* GPUImageColorBalanceFilter.m */ = {isa = PBXFileReference; fileEncoding = 4; lastKnownFileType = sourcecode.c.objc; path = GPUImageColorBalanceFilter.m; sourceTree = "<group>"; };
		58F6FFB518F841620077D0DD /* GPUImageHueSaturationFilter.h */ = {isa = PBXFileReference; fileEncoding = 4; lastKnownFileType = sourcecode.c.h; path = GPUImageHueSaturationFilter.h; sourceTree = "<group>"; };
		58F6FFB618F841620077D0DD /* GPUImageHueSaturationFilter.m */ = {isa = PBXFileReference; fileEncoding = 4; lastKnownFileType = sourcecode.c.objc; path = GPUImageHueSaturationFilter.m; sourceTree = "<group>"; };
		58F6FFB918F8417E0077D0DD /* GPUImageGradientMapFilter.h */ = {isa = PBXFileReference; fileEncoding = 4; lastKnownFileType = sourcecode.c.h; path = GPUImageGradientMapFilter.h; sourceTree = "<group>"; };
		58F6FFBA18F8417E0077D0DD /* GPUImageGradientMapFilter.m */ = {isa = PBXFileReference; fileEncoding = 4; lastKnownFileType = sourcecode.c.objc; path = GPUImageGradientMapFilter.m; sourceTree = "<group>"; };
		58F6FFBD18F8419C0077D0DD /* GPUImagePhotoFilter.h */ = {isa = PBXFileReference; fileEncoding = 4; lastKnownFileType = sourcecode.c.h; path = GPUImagePhotoFilter.h; sourceTree = "<group>"; };
		58F6FFBE18F8419C0077D0DD /* GPUImagePhotoFilter.m */ = {isa = PBXFileReference; fileEncoding = 4; lastKnownFileType = sourcecode.c.objc; path = GPUImagePhotoFilter.m; sourceTree = "<group>"; };
		58F6FFC118F842FD0077D0DD /* GPUEffectColdWinter.h */ = {isa = PBXFileReference; fileEncoding = 4; lastKnownFileType = sourcecode.c.h; path = GPUEffectColdWinter.h; sourceTree = "<group>"; };
		58F6FFC218F842FD0077D0DD /* GPUEffectColdWinter.m */ = {isa = PBXFileReference; fileEncoding = 4; lastKnownFileType = sourcecode.c.objc; path = GPUEffectColdWinter.m; sourceTree = "<group>"; };
		58F6FFC518F843980077D0DD /* cw1.acv */ = {isa = PBXFileReference; lastKnownFileType = file; path = cw1.acv; sourceTree = "<group>"; };
		58F6FFC618F843980077D0DD /* cw2.acv */ = {isa = PBXFileReference; lastKnownFileType = file; path = cw2.acv; sourceTree = "<group>"; };
		58F6FFC718F843980077D0DD /* cw3.acv */ = {isa = PBXFileReference; lastKnownFileType = file; path = cw3.acv; sourceTree = "<group>"; };
		58F6FFCB18F8447D0077D0DD /* Social.framework */ = {isa = PBXFileReference; lastKnownFileType = wrapper.framework; name = Social.framework; path = System/Library/Frameworks/Social.framework; sourceTree = SDKROOT; };
		58F6FFCD18F8542C0077D0DD /* GPUImageLinearLightBlendFilter.h */ = {isa = PBXFileReference; fileEncoding = 4; lastKnownFileType = sourcecode.c.h; path = GPUImageLinearLightBlendFilter.h; sourceTree = "<group>"; };
		58F6FFCE18F8542C0077D0DD /* GPUImageLinearLightBlendFilter.m */ = {isa = PBXFileReference; fileEncoding = 4; lastKnownFileType = sourcecode.c.objc; path = GPUImageLinearLightBlendFilter.m; sourceTree = "<group>"; };
		58FDF7DB18F8DDA400C5A338 /* GPUEffectAutumnToWinter.h */ = {isa = PBXFileReference; fileEncoding = 4; lastKnownFileType = sourcecode.c.h; path = GPUEffectAutumnToWinter.h; sourceTree = "<group>"; };
		58FDF7DC18F8DDA400C5A338 /* GPUEffectAutumnToWinter.m */ = {isa = PBXFileReference; fileEncoding = 4; lastKnownFileType = sourcecode.c.objc; path = GPUEffectAutumnToWinter.m; sourceTree = "<group>"; };
/* End PBXFileReference section */

/* Begin PBXFrameworksBuildPhase section */
		58D12A1F18F6BFAC006CCE9B /* Frameworks */ = {
			isa = PBXFrameworksBuildPhase;
			buildActionMask = 2147483647;
			files = (
				58F6FFCC18F8447D0077D0DD /* Social.framework in Frameworks */,
				58F6FF5B18F83ECD0077D0DD /* libGPUImage.a in Frameworks */,
				58F6FF5A18F83EC20077D0DD /* AssetsLibrary.framework in Frameworks */,
				58F6FF5818F83EBB0077D0DD /* QuartzCore.framework in Frameworks */,
				58F6FF5618F83EB30077D0DD /* AVFoundation.framework in Frameworks */,
				58F6FF5418F83EAC0077D0DD /* OpenGLES.framework in Frameworks */,
				58F6FF5218F83EA60077D0DD /* CoreVideo.framework in Frameworks */,
				58F6FF5018F83E9F0077D0DD /* CoreMedia.framework in Frameworks */,
				58D12A2818F6BFAC006CCE9B /* CoreGraphics.framework in Frameworks */,
				58D12A2A18F6BFAC006CCE9B /* UIKit.framework in Frameworks */,
				58D12A2618F6BFAC006CCE9B /* Foundation.framework in Frameworks */,
			);
			runOnlyForDeploymentPostprocessing = 0;
		};
		58D12A4018F6BFAC006CCE9B /* Frameworks */ = {
			isa = PBXFrameworksBuildPhase;
			buildActionMask = 2147483647;
			files = (
				58D12A4518F6BFAC006CCE9B /* XCTest.framework in Frameworks */,
				58D12A4718F6BFAC006CCE9B /* UIKit.framework in Frameworks */,
				58D12A4618F6BFAC006CCE9B /* Foundation.framework in Frameworks */,
			);
			runOnlyForDeploymentPostprocessing = 0;
		};
/* End PBXFrameworksBuildPhase section */

/* Begin PBXGroup section */
		5800C8C218F7E99100968165 /* ViewController */ = {
			isa = PBXGroup;
			children = (
				58D12A3A18F6BFAC006CCE9B /* RootViewController.h */,
				58D12A3B18F6BFAC006CCE9B /* RootViewController.m */,
				5800C8C418F7E9EC00968165 /* HomeViewController.h */,
				5800C8C518F7E9EC00968165 /* HomeViewController.m */,
				58F6FF3918F8389B0077D0DD /* EditorViewController.h */,
				58F6FF3A18F8389B0077D0DD /* EditorViewController.m */,
			);
			name = ViewController;
			sourceTree = "<group>";
		};
		5800C8C718F7EA5200968165 /* View */ = {
			isa = PBXGroup;
			children = (
				58F6BB4B18F93EE7000096AC /* UIRenderImageView.h */,
				58F6BB4C18F93EE7000096AC /* UIRenderImageView.m */,
				58F2974018F9116B0043BF93 /* Slider */,
				580EE93F18F984D4006983DA /* Share */,
				58F6FF4418F83D610077D0DD /* Editor */,
				5800C8C818F7EA5800968165 /* Home */,
			);
			name = View;
			sourceTree = "<group>";
		};
		5800C8C818F7EA5800968165 /* Home */ = {
			isa = PBXGroup;
			children = (
				5800C8C918F7EA7000968165 /* UIHomeBgView.h */,
				5800C8CA18F7EA7000968165 /* UIHomeBgView.m */,
				58F1EA1418F7F3E900013688 /* UIHomeSourceButton.h */,
				58F1EA1518F7F3E900013688 /* UIHomeSourceButton.m */,
			);
			name = Home;
			sourceTree = "<group>";
		};
		5800C8CC18F7EB1900968165 /* Categories */ = {
			isa = PBXGroup;
			children = (
				58F6FF3C18F8399D0077D0DD /* UIImage+extend.h */,
				58F6FF3D18F8399D0077D0DD /* UIImage+extend.m */,
				5800C8CD18F7EB3C00968165 /* UIDevice+extend.h */,
				5800C8CE18F7EB3C00968165 /* UIDevice+extend.m */,
				5800C8CF18F7EB3C00968165 /* UIScreen+extend.h */,
				5800C8D018F7EB3C00968165 /* UIScreen+extend.m */,
				5800C8D118F7EB3C00968165 /* UIView+extend.h */,
				5800C8D218F7EB3C00968165 /* UIView+extend.m */,
				5800C8D318F7EB3C00968165 /* UIScrollView+extend.h */,
				5800C8D418F7EB3C00968165 /* UIScrollView+extend.m */,
			);
			name = Categories;
			sourceTree = "<group>";
		};
		580913A018FA5B800077C3CE /* Resources */ = {
			isa = PBXGroup;
			children = (
				580913A518FA668C0077C3CE /* snow-2400-10.png */,
				580913A318FA665A0077C3CE /* snow-4096-10.png */,
				580913A118FA5B9A0077C3CE /* snow-4096.png */,
			);
			name = Resources;
			sourceTree = "<group>";
		};
		580EE93F18F984D4006983DA /* Share */ = {
			isa = PBXGroup;
			children = (
				580EE94018F98506006983DA /* UISaveToButton.h */,
				580EE94118F98506006983DA /* UISaveToButton.m */,
			);
			name = Share;
			sourceTree = "<group>";
		};
		58D12A1918F6BFAC006CCE9B = {
			isa = PBXGroup;
			children = (
				58D12A2B18F6BFAC006CCE9B /* winterpix */,
				58D12A4A18F6BFAC006CCE9B /* winterpixTests */,
				58D12A2418F6BFAC006CCE9B /* Frameworks */,
				58D12A2318F6BFAC006CCE9B /* Products */,
			);
			sourceTree = "<group>";
		};
		58D12A2318F6BFAC006CCE9B /* Products */ = {
			isa = PBXGroup;
			children = (
				58D12A2218F6BFAC006CCE9B /* winterpix.app */,
				58D12A4318F6BFAC006CCE9B /* winterpixTests.xctest */,
			);
			name = Products;
			sourceTree = "<group>";
		};
		58D12A2418F6BFAC006CCE9B /* Frameworks */ = {
			isa = PBXGroup;
			children = (
				58F6FFCB18F8447D0077D0DD /* Social.framework */,
				58F6FF5918F83EC20077D0DD /* AssetsLibrary.framework */,
				58F6FF5718F83EBB0077D0DD /* QuartzCore.framework */,
				58F6FF5518F83EB30077D0DD /* AVFoundation.framework */,
				58F6FF5318F83EAC0077D0DD /* OpenGLES.framework */,
				58F6FF5118F83EA50077D0DD /* CoreVideo.framework */,
				58F6FF4F18F83E9F0077D0DD /* CoreMedia.framework */,
				58F6FF4518F83E1A0077D0DD /* GPUImage.xcodeproj */,
				58D12A2518F6BFAC006CCE9B /* Foundation.framework */,
				58D12A2718F6BFAC006CCE9B /* CoreGraphics.framework */,
				58D12A2918F6BFAC006CCE9B /* UIKit.framework */,
				58D12A4418F6BFAC006CCE9B /* XCTest.framework */,
			);
			name = Frameworks;
			sourceTree = "<group>";
		};
		58D12A2B18F6BFAC006CCE9B /* winterpix */ = {
			isa = PBXGroup;
			children = (
				58F6FFA318F840D10077D0DD /* GPUImageLayer */,
				58F6FF6018F840AA0077D0DD /* GPUImageFIlter */,
				58F6FF5C18F840540077D0DD /* Effects */,
				58F6FF3F18F83C4C0077D0DD /* Fonts */,
				58F6FF2F18F831A10077D0DD /* Shared */,
				5800C8CC18F7EB1900968165 /* Categories */,
				5800C8C718F7EA5200968165 /* View */,
				5800C8C218F7E99100968165 /* ViewController */,
				580913A018FA5B800077C3CE /* Resources */,
				58FF4E6118F6F06C000E74C8 /* Images */,
				58D12A3418F6BFAC006CCE9B /* AppDelegate.h */,
				58D12A3518F6BFAC006CCE9B /* AppDelegate.m */,
				58D12A3718F6BFAC006CCE9B /* Main.storyboard */,
				58D12A3D18F6BFAC006CCE9B /* Images.xcassets */,
				58D12A2C18F6BFAC006CCE9B /* Supporting Files */,
			);
			path = winterpix;
			sourceTree = "<group>";
		};
		58D12A2C18F6BFAC006CCE9B /* Supporting Files */ = {
			isa = PBXGroup;
			children = (
				58D12A2D18F6BFAC006CCE9B /* winterpix-Info.plist */,
				58F6FF3718F8358A0077D0DD /* Localizable.strings */,
				58D12A2E18F6BFAC006CCE9B /* InfoPlist.strings */,
				58D12A3118F6BFAC006CCE9B /* main.m */,
				58D12A3318F6BFAC006CCE9B /* winterpix-Prefix.pch */,
			);
			name = "Supporting Files";
			sourceTree = "<group>";
		};
		58D12A4A18F6BFAC006CCE9B /* winterpixTests */ = {
			isa = PBXGroup;
			children = (
				58D12A5018F6BFAC006CCE9B /* winterpixTests.m */,
				58D12A4B18F6BFAC006CCE9B /* Supporting Files */,
			);
			path = winterpixTests;
			sourceTree = "<group>";
		};
		58D12A4B18F6BFAC006CCE9B /* Supporting Files */ = {
			isa = PBXGroup;
			children = (
				58D12A4C18F6BFAC006CCE9B /* winterpixTests-Info.plist */,
				58D12A4D18F6BFAC006CCE9B /* InfoPlist.strings */,
			);
			name = "Supporting Files";
			sourceTree = "<group>";
		};
		58F2973818F910B80043BF93 /* Navigation */ = {
			isa = PBXGroup;
			children = (
				58F2973F18F910DF0043BF93 /* BButton */,
				58F2973218F910B60043BF93 /* UINavigationBarView.h */,
				58F2973318F910B60043BF93 /* UINavigationBarView.m */,
				58F2973418F910B60043BF93 /* UINavigationBarButton.h */,
				58F2973518F910B60043BF93 /* UINavigationBarButton.m */,
			);
			name = Navigation;
			sourceTree = "<group>";
		};
		58F2973F18F910DF0043BF93 /* BButton */ = {
			isa = PBXGroup;
			children = (
				58F2973918F910DC0043BF93 /* UICloseButton.h */,
				58F2973A18F910DC0043BF93 /* UICloseButton.m */,
				58F2973B18F910DC0043BF93 /* UISaveButton.h */,
				58F2973C18F910DC0043BF93 /* UISaveButton.m */,
			);
			name = BButton;
			sourceTree = "<group>";
		};
		58F2974018F9116B0043BF93 /* Slider */ = {
			isa = PBXGroup;
			children = (
				58F2974118F9117A0043BF93 /* UISliderView.h */,
				58F2974218F9117A0043BF93 /* UISliderView.m */,
				58F2974318F9117A0043BF93 /* UISliderThumbView.h */,
				58F2974418F9117A0043BF93 /* UISliderThumbView.m */,
			);
			name = Slider;
			sourceTree = "<group>";
		};
		58F6FF2F18F831A10077D0DD /* Shared */ = {
			isa = PBXGroup;
			children = (
				58F6FF3018F831B40077D0DD /* CurrentImage.h */,
				58F6FF3118F831B40077D0DD /* CurrentImage.m */,
				58F2972E18F9054A0043BF93 /* Processor.h */,
				58F2972F18F9054A0043BF93 /* Processor.m */,
			);
			name = Shared;
			sourceTree = "<group>";
		};
		58F6FF3F18F83C4C0077D0DD /* Fonts */ = {
			isa = PBXGroup;
			children = (
				58F6FF4218F83C820077D0DD /* sheepsansbold.ttf */,
				58F6FF4018F83C5B0077D0DD /* mplus-1c-bold.ttf */,
			);
			name = Fonts;
			sourceTree = "<group>";
		};
		58F6FF4418F83D610077D0DD /* Editor */ = {
			isa = PBXGroup;
			children = (
				580EE93C18F98210006983DA /* UISaveDialogView.h */,
				580EE93D18F98210006983DA /* UISaveDialogView.m */,
				580EE93318F981F4006983DA /* UIEditorDialogBgImageView.h */,
				580EE93418F981F4006983DA /* UIEditorDialogBgImageView.m */,
				58F6BB4518F933BC000096AC /* UIEditorPreviewImageView.h */,
				58F6BB4618F933BC000096AC /* UIEditorPreviewImageView.m */,
				58F2974A18F911B40043BF93 /* UISliderContainer.h */,
				58F2974B18F911B40043BF93 /* UISliderContainer.m */,
				58F2974718F9118B0043BF93 /* UIEditorSliderView.h */,
				58F2974818F9118C0043BF93 /* UIEditorSliderView.m */,
				58F2973818F910B80043BF93 /* Navigation */,
			);
			name = Editor;
			sourceTree = "<group>";
		};
		58F6FF4618F83E1A0077D0DD /* Products */ = {
			isa = PBXGroup;
			children = (
				58F6FF4C18F83E1A0077D0DD /* libGPUImage.a */,
				58F6FF4E18F83E1A0077D0DD /* GPUImageTests.octest */,
			);
			name = Products;
			sourceTree = "<group>";
		};
		58F6FF5C18F840540077D0DD /* Effects */ = {
			isa = PBXGroup;
			children = (
				58F6FFC018F842BD0077D0DD /* Cold Winter */,
				58F6FF5D18F840880077D0DD /* GPUImageEffects.h */,
				58F6FF5E18F840880077D0DD /* GPUImageEffects.m */,
			);
			name = Effects;
			sourceTree = "<group>";
		};
		58F6FF6018F840AA0077D0DD /* GPUImageFIlter */ = {
			isa = PBXGroup;
			children = (
				58F6FF6418F840C30077D0DD /* GPUAdjustmentsWhiteBalance.h */,
				58F6FF6518F840C30077D0DD /* GPUAdjustmentsWhiteBalance.m */,
				58F6FF6618F840C30077D0DD /* GPULevelsImageFilter.h */,
				58F6FF6718F840C30077D0DD /* GPULevelsImageFilter.m */,
				58F6FF6818F840C30077D0DD /* GPUAdjustmentsSaturation.h */,
				58F6FF6918F840C30077D0DD /* GPUAdjustmentsSaturation.m */,
				58F6FF6A18F840C30077D0DD /* GPUAdjustmentsBrightness.h */,
				58F6FF6B18F840C30077D0DD /* GPUAdjustmentsBrightness.m */,
				58F6FF6C18F840C30077D0DD /* GPUKelvinFilter.h */,
				58F6FF6D18F840C30077D0DD /* GPUKelvinFilter.m */,
				58F6FF6E18F840C30077D0DD /* GPUImageVividLightBlendFilter.h */,
				58F6FF6F18F840C30077D0DD /* GPUImageVividLightBlendFilter.m */,
				58F6FF7018F840C30077D0DD /* GPUImageLinearDodgeBlendFilter.h */,
				58F6FF7118F840C30077D0DD /* GPUImageLinearDodgeBlendFilter.m */,
				58F6FFCD18F8542C0077D0DD /* GPUImageLinearLightBlendFilter.h */,
				58F6FFCE18F8542C0077D0DD /* GPUImageLinearLightBlendFilter.m */,
				58F6FF7218F840C30077D0DD /* GPUPhotoFilter.h */,
				58F6FF7318F840C30077D0DD /* GPUPhotoFilter.m */,
				58F6FF7418F840C30077D0DD /* GPUImageDarkerColorBlendFilter.h */,
				58F6FF7518F840C30077D0DD /* GPUImageDarkerColorBlendFilter.m */,
				58F6FF7618F840C30077D0DD /* GPUImageVignette2Filter.h */,
				58F6FF7718F840C30077D0DD /* GPUImageVignette2Filter.m */,
				58F6FF7818F840C30077D0DD /* GPUimageTumblinBrightnessFilter.h */,
				58F6FF7918F840C30077D0DD /* GPUimageTumblinBrightnessFilter.m */,
				58F6FF7A18F840C30077D0DD /* GPUImageTumblinLevelsFilter.h */,
				58F6FF7B18F840C30077D0DD /* GPUImageTumblinLevelsFilter.m */,
				58F6FF7C18F840C30077D0DD /* GPUImageVibranceFilter.h */,
				58F6FF7D18F840C30077D0DD /* GPUImageVibranceFilter.m */,
				58F6FF7E18F840C30077D0DD /* GPUImageNaturalSaturationFilter.h */,
				58F6FF7F18F840C30077D0DD /* GPUImageNaturalSaturationFilter.m */,
				58F6FF8018F840C30077D0DD /* GPUImageClarityFilter.h */,
				58F6FF8118F840C30077D0DD /* GPUImageClarityFilter.m */,
				58F6FF8218F840C30077D0DD /* GPUImageAllAdjustmentsInOneFilter.h */,
				58F6FF8318F840C30077D0DD /* GPUImageAllAdjustmentsInOneFilter.m */,
				58F6FF8418F840C30077D0DD /* GPUImageFocusFilter.h */,
				58F6FF8518F840C30077D0DD /* GPUImageFocusFilter.m */,
				58F6FF8818F840C30077D0DD /* GPUImageHueBlendAltFIlter.h */,
				58F6FF8918F840C30077D0DD /* GPUImageHueBlendAltFIlter.m */,
				58F6FF8A18F840C30077D0DD /* GPUImageSaturationBlendAltFilter.h */,
				58F6FF8B18F840C30077D0DD /* GPUImageSaturationBlendAltFilter.m */,
				58F6FF8C18F840C30077D0DD /* GPUImageHazyFilter.h */,
				58F6FF8D18F840C30077D0DD /* GPUImageHazyFilter.m */,
				58F2972818F8F4280043BF93 /* GPUImageReplaceColorFilter.h */,
				58F2972918F8F4280043BF93 /* GPUImageReplaceColorFilter.m */,
			);
			name = GPUImageFIlter;
			sourceTree = "<group>";
		};
		58F6FFA318F840D10077D0DD /* GPUImageLayer */ = {
			isa = PBXGroup;
			children = (
				58F6FFBC18F841900077D0DD /* PhotoFilter */,
				58F6FFB818F841690077D0DD /* GradientMap */,
				58F6FFB418F8414F0077D0DD /* HueSaturation */,
				58F6FFB018F841390077D0DD /* ColorBalance */,
				58F6FFAC18F841240077D0DD /* SelectiveColor */,
				58F6FFA818F841120077D0DD /* ChannelMixer */,
				58F6FFA418F840E40077D0DD /* GradientColor */,
			);
			name = GPUImageLayer;
			sourceTree = "<group>";
		};
		58F6FFA418F840E40077D0DD /* GradientColor */ = {
			isa = PBXGroup;
			children = (
				58F6FFA518F8410F0077D0DD /* GPUImageGradientColorGenerator.h */,
				58F6FFA618F8410F0077D0DD /* GPUImageGradientColorGenerator.m */,
			);
			name = GradientColor;
			sourceTree = "<group>";
		};
		58F6FFA818F841120077D0DD /* ChannelMixer */ = {
			isa = PBXGroup;
			children = (
				58F6FFA918F841220077D0DD /* GPUImageChannelMixerFilter.h */,
				58F6FFAA18F841220077D0DD /* GPUImageChannelMixerFilter.m */,
			);
			name = ChannelMixer;
			sourceTree = "<group>";
		};
		58F6FFAC18F841240077D0DD /* SelectiveColor */ = {
			isa = PBXGroup;
			children = (
				58F6FFAD18F841340077D0DD /* GPUImageSelectiveColorFilter.h */,
				58F6FFAE18F841340077D0DD /* GPUImageSelectiveColorFilter.m */,
			);
			name = SelectiveColor;
			sourceTree = "<group>";
		};
		58F6FFB018F841390077D0DD /* ColorBalance */ = {
			isa = PBXGroup;
			children = (
				58F6FFB118F841480077D0DD /* GPUImageColorBalanceFilter.h */,
				58F6FFB218F841480077D0DD /* GPUImageColorBalanceFilter.m */,
			);
			name = ColorBalance;
			sourceTree = "<group>";
		};
		58F6FFB418F8414F0077D0DD /* HueSaturation */ = {
			isa = PBXGroup;
			children = (
				58F6FFB518F841620077D0DD /* GPUImageHueSaturationFilter.h */,
				58F6FFB618F841620077D0DD /* GPUImageHueSaturationFilter.m */,
			);
			name = HueSaturation;
			sourceTree = "<group>";
		};
		58F6FFB818F841690077D0DD /* GradientMap */ = {
			isa = PBXGroup;
			children = (
				58F6FFB918F8417E0077D0DD /* GPUImageGradientMapFilter.h */,
				58F6FFBA18F8417E0077D0DD /* GPUImageGradientMapFilter.m */,
			);
			name = GradientMap;
			sourceTree = "<group>";
		};
		58F6FFBC18F841900077D0DD /* PhotoFilter */ = {
			isa = PBXGroup;
			children = (
				58F6FFBD18F8419C0077D0DD /* GPUImagePhotoFilter.h */,
				58F6FFBE18F8419C0077D0DD /* GPUImagePhotoFilter.m */,
			);
			name = PhotoFilter;
			sourceTree = "<group>";
		};
		58F6FFC018F842BD0077D0DD /* Cold Winter */ = {
			isa = PBXGroup;
			children = (
				58FDF7D718F8DD7500C5A338 /* Autumn to Winter */,
				58F6FFC418F843020077D0DD /* Curves */,
				58F6FFC118F842FD0077D0DD /* GPUEffectColdWinter.h */,
				58F6FFC218F842FD0077D0DD /* GPUEffectColdWinter.m */,
			);
			name = "Cold Winter";
			sourceTree = "<group>";
		};
		58F6FFC418F843020077D0DD /* Curves */ = {
			isa = PBXGroup;
			children = (
				58F6FFC518F843980077D0DD /* cw1.acv */,
				58F6FFC618F843980077D0DD /* cw2.acv */,
				58F6FFC718F843980077D0DD /* cw3.acv */,
			);
			name = Curves;
			sourceTree = "<group>";
		};
		58FDF7D718F8DD7500C5A338 /* Autumn to Winter */ = {
			isa = PBXGroup;
			children = (
				58FDF7DB18F8DDA400C5A338 /* GPUEffectAutumnToWinter.h */,
				58FDF7DC18F8DDA400C5A338 /* GPUEffectAutumnToWinter.m */,
			);
			name = "Autumn to Winter";
			sourceTree = "<group>";
		};
		58FF4E6118F6F06C000E74C8 /* Images */ = {
			isa = PBXGroup;
			children = (
				580EE94318F99948006983DA /* loading-48.gif */,
				58F6BB5218F94049000096AC /* kelvin-60@2x.png */,
				58F6BB4E18F9402C000096AC /* opacity-button-60@2x.png */,
				58F6BB4F18F9402C000096AC /* opacity-60@2x.png */,
				58F6FF2C18F82EBA0077D0DD /* home-camera@2x.png */,
				58F6FF2A18F82D030077D0DD /* home-photos@2x.png */,
				58F1EA1118F7EF5C00013688 /* splash-568h@2x.png */,
				58F1EA0F18F7EF5500013688 /* bg-568h@2x.png */,
				58F6BB5A18F94067000096AC /* save-cloud-60@2x.png */,
				58F6BB5418F9405D000096AC /* photos-36-85@2x.png */,
				58F6BB5518F9405D000096AC /* camera-36-85@2x.png */,
				58F6BB5618F9405D000096AC /* twitter-36-85@2x.png */,
			);
			name = Images;
			sourceTree = "<group>";
		};
/* End PBXGroup section */

/* Begin PBXNativeTarget section */
		58D12A2118F6BFAC006CCE9B /* winterpix */ = {
			isa = PBXNativeTarget;
			buildConfigurationList = 58D12A5418F6BFAD006CCE9B /* Build configuration list for PBXNativeTarget "winterpix" */;
			buildPhases = (
				58D12A1E18F6BFAC006CCE9B /* Sources */,
				58D12A1F18F6BFAC006CCE9B /* Frameworks */,
				58D12A2018F6BFAC006CCE9B /* Resources */,
			);
			buildRules = (
			);
			dependencies = (
			);
			name = winterpix;
			productName = winterpix;
			productReference = 58D12A2218F6BFAC006CCE9B /* winterpix.app */;
			productType = "com.apple.product-type.application";
		};
		58D12A4218F6BFAC006CCE9B /* winterpixTests */ = {
			isa = PBXNativeTarget;
			buildConfigurationList = 58D12A5718F6BFAD006CCE9B /* Build configuration list for PBXNativeTarget "winterpixTests" */;
			buildPhases = (
				58D12A3F18F6BFAC006CCE9B /* Sources */,
				58D12A4018F6BFAC006CCE9B /* Frameworks */,
				58D12A4118F6BFAC006CCE9B /* Resources */,
			);
			buildRules = (
			);
			dependencies = (
				58D12A4918F6BFAC006CCE9B /* PBXTargetDependency */,
			);
			name = winterpixTests;
			productName = winterpixTests;
			productReference = 58D12A4318F6BFAC006CCE9B /* winterpixTests.xctest */;
			productType = "com.apple.product-type.bundle.unit-test";
		};
/* End PBXNativeTarget section */

/* Begin PBXProject section */
		58D12A1A18F6BFAC006CCE9B /* Project object */ = {
			isa = PBXProject;
			attributes = {
				LastUpgradeCheck = 0510;
				ORGANIZATIONNAME = SSC;
				TargetAttributes = {
					58D12A2118F6BFAC006CCE9B = {
						DevelopmentTeam = 7FY9ETDU35;
					};
					58D12A4218F6BFAC006CCE9B = {
						TestTargetID = 58D12A2118F6BFAC006CCE9B;
					};
				};
			};
			buildConfigurationList = 58D12A1D18F6BFAC006CCE9B /* Build configuration list for PBXProject "Winterpix" */;
			compatibilityVersion = "Xcode 3.2";
			developmentRegion = English;
			hasScannedForEncodings = 0;
			knownRegions = (
				en,
				Base,
				ja,
			);
			mainGroup = 58D12A1918F6BFAC006CCE9B;
			productRefGroup = 58D12A2318F6BFAC006CCE9B /* Products */;
			projectDirPath = "";
			projectReferences = (
				{
					ProductGroup = 58F6FF4618F83E1A0077D0DD /* Products */;
					ProjectRef = 58F6FF4518F83E1A0077D0DD /* GPUImage.xcodeproj */;
				},
			);
			projectRoot = "";
			targets = (
				58D12A2118F6BFAC006CCE9B /* winterpix */,
				58D12A4218F6BFAC006CCE9B /* winterpixTests */,
			);
		};
/* End PBXProject section */

/* Begin PBXReferenceProxy section */
		58F6FF4C18F83E1A0077D0DD /* libGPUImage.a */ = {
			isa = PBXReferenceProxy;
			fileType = archive.ar;
			path = libGPUImage.a;
			remoteRef = 58F6FF4B18F83E1A0077D0DD /* PBXContainerItemProxy */;
			sourceTree = BUILT_PRODUCTS_DIR;
		};
		58F6FF4E18F83E1A0077D0DD /* GPUImageTests.octest */ = {
			isa = PBXReferenceProxy;
			fileType = wrapper.cfbundle;
			path = GPUImageTests.octest;
			remoteRef = 58F6FF4D18F83E1A0077D0DD /* PBXContainerItemProxy */;
			sourceTree = BUILT_PRODUCTS_DIR;
		};
/* End PBXReferenceProxy section */

/* Begin PBXResourcesBuildPhase section */
		58D12A2018F6BFAC006CCE9B /* Resources */ = {
			isa = PBXResourcesBuildPhase;
			buildActionMask = 2147483647;
			files = (
				58F6BB5718F9405D000096AC /* photos-36-85@2x.png in Resources */,
				580913A218FA5B9A0077C3CE /* snow-4096.png in Resources */,
				58F6FF4318F83C820077D0DD /* sheepsansbold.ttf in Resources */,
				58F6BB5118F9402C000096AC /* opacity-60@2x.png in Resources */,
				58F1EA1218F7EF5C00013688 /* splash-568h@2x.png in Resources */,
				58F1EA1018F7EF5500013688 /* bg-568h@2x.png in Resources */,
				58F6FFC918F843980077D0DD /* cw2.acv in Resources */,
				58F6FFC818F843980077D0DD /* cw1.acv in Resources */,
				58D12A3E18F6BFAC006CCE9B /* Images.xcassets in Resources */,
				58F6BB5018F9402C000096AC /* opacity-button-60@2x.png in Resources */,
				58F6FF2B18F82D030077D0DD /* home-photos@2x.png in Resources */,
				580913A618FA668C0077C3CE /* snow-2400-10.png in Resources */,
				58F6BB5318F94049000096AC /* kelvin-60@2x.png in Resources */,
				58F6BB5B18F94067000096AC /* save-cloud-60@2x.png in Resources */,
				58D12A3018F6BFAC006CCE9B /* InfoPlist.strings in Resources */,
				58F6FF3518F8358A0077D0DD /* Localizable.strings in Resources */,
				58F6FF2D18F82EBA0077D0DD /* home-camera@2x.png in Resources */,
				58F6FF4118F83C5B0077D0DD /* mplus-1c-bold.ttf in Resources */,
				580913A418FA665A0077C3CE /* snow-4096-10.png in Resources */,
				58F6BB5918F9405D000096AC /* twitter-36-85@2x.png in Resources */,
				58F6BB5818F9405D000096AC /* camera-36-85@2x.png in Resources */,
				58D12A3918F6BFAC006CCE9B /* Main.storyboard in Resources */,
				58F6FFCA18F843980077D0DD /* cw3.acv in Resources */,
				580EE94418F99948006983DA /* loading-48.gif in Resources */,
			);
			runOnlyForDeploymentPostprocessing = 0;
		};
		58D12A4118F6BFAC006CCE9B /* Resources */ = {
			isa = PBXResourcesBuildPhase;
			buildActionMask = 2147483647;
			files = (
				58D12A4F18F6BFAC006CCE9B /* InfoPlist.strings in Resources */,
			);
			runOnlyForDeploymentPostprocessing = 0;
		};
/* End PBXResourcesBuildPhase section */

/* Begin PBXSourcesBuildPhase section */
		58D12A1E18F6BFAC006CCE9B /* Sources */ = {
			isa = PBXSourcesBuildPhase;
			buildActionMask = 2147483647;
			files = (
				58F6BB4718F933BC000096AC /* UIEditorPreviewImageView.m in Sources */,
				58F6FFAB18F841220077D0DD /* GPUImageChannelMixerFilter.m in Sources */,
				58F6FF3E18F8399D0077D0DD /* UIImage+extend.m in Sources */,
				58F2974C18F911B40043BF93 /* UISliderContainer.m in Sources */,
				58F6FF9518F840C30077D0DD /* GPUPhotoFilter.m in Sources */,
				58FDF7DD18F8DDA400C5A338 /* GPUEffectAutumnToWinter.m in Sources */,
				58F6FFA118F840C30077D0DD /* GPUImageSaturationBlendAltFilter.m in Sources */,
				58F6FF9C18F840C30077D0DD /* GPUImageClarityFilter.m in Sources */,
				58F6FFA718F8410F0077D0DD /* GPUImageGradientColorGenerator.m in Sources */,
				58F6FF9A18F840C30077D0DD /* GPUImageVibranceFilter.m in Sources */,
				58F6FF8F18F840C30077D0DD /* GPULevelsImageFilter.m in Sources */,
				58D12A3C18F6BFAC006CCE9B /* RootViewController.m in Sources */,
				58F2974618F9117A0043BF93 /* UISliderThumbView.m in Sources */,
				58F6FFCF18F8542C0077D0DD /* GPUImageLinearLightBlendFilter.m in Sources */,
				58F2973D18F910DC0043BF93 /* UICloseButton.m in Sources */,
				580EE93518F981F4006983DA /* UIEditorDialogBgImageView.m in Sources */,
				58F6FFB318F841480077D0DD /* GPUImageColorBalanceFilter.m in Sources */,
				58F6FFBB18F8417E0077D0DD /* GPUImageGradientMapFilter.m in Sources */,
				58F6FF9818F840C30077D0DD /* GPUimageTumblinBrightnessFilter.m in Sources */,
				58F6FF9D18F840C30077D0DD /* GPUImageAllAdjustmentsInOneFilter.m in Sources */,
				5800C8D618F7EB3C00968165 /* UIScreen+extend.m in Sources */,
				58F2973618F910B60043BF93 /* UINavigationBarView.m in Sources */,
				58F2973718F910B60043BF93 /* UINavigationBarButton.m in Sources */,
				580EE93E18F98210006983DA /* UISaveDialogView.m in Sources */,
				5800C8D518F7EB3C00968165 /* UIDevice+extend.m in Sources */,
				5800C8D818F7EB3C00968165 /* UIScrollView+extend.m in Sources */,
				58D12A3618F6BFAC006CCE9B /* AppDelegate.m in Sources */,
				58D12A3218F6BFAC006CCE9B /* main.m in Sources */,
				58F6FFA018F840C30077D0DD /* GPUImageHueBlendAltFIlter.m in Sources */,
				58F2974918F9118C0043BF93 /* UIEditorSliderView.m in Sources */,
				580EE94218F98506006983DA /* UISaveToButton.m in Sources */,
				58F6FF9718F840C30077D0DD /* GPUImageVignette2Filter.m in Sources */,
				58F6FF9918F840C30077D0DD /* GPUImageTumblinLevelsFilter.m in Sources */,
				58F6FF9218F840C30077D0DD /* GPUKelvinFilter.m in Sources */,
				58F6FF9B18F840C30077D0DD /* GPUImageNaturalSaturationFilter.m in Sources */,
				5800C8CB18F7EA7000968165 /* UIHomeBgView.m in Sources */,
				58F6FF9318F840C30077D0DD /* GPUImageVividLightBlendFilter.m in Sources */,
				58F6FFB718F841620077D0DD /* GPUImageHueSaturationFilter.m in Sources */,
				58F2973018F9054A0043BF93 /* Processor.m in Sources */,
				58F6FF3B18F8389B0077D0DD /* EditorViewController.m in Sources */,
				58F6FFAF18F841340077D0DD /* GPUImageSelectiveColorFilter.m in Sources */,
				58F6FF9618F840C30077D0DD /* GPUImageDarkerColorBlendFilter.m in Sources */,
				58F6FF9118F840C30077D0DD /* GPUAdjustmentsBrightness.m in Sources */,
				58F6FFBF18F8419C0077D0DD /* GPUImagePhotoFilter.m in Sources */,
				58F6FF9418F840C30077D0DD /* GPUImageLinearDodgeBlendFilter.m in Sources */,
				58F6BB4D18F93EE7000096AC /* UIRenderImageView.m in Sources */,
				5800C8D718F7EB3C00968165 /* UIView+extend.m in Sources */,
				58F6FF8E18F840C30077D0DD /* GPUAdjustmentsWhiteBalance.m in Sources */,
				58F2973E18F910DC0043BF93 /* UISaveButton.m in Sources */,
				58F6FFA218F840C30077D0DD /* GPUImageHazyFilter.m in Sources */,
				58F6FF3218F831B40077D0DD /* CurrentImage.m in Sources */,
				58F6FF9018F840C30077D0DD /* GPUAdjustmentsSaturation.m in Sources */,
				58F2972A18F8F4280043BF93 /* GPUImageReplaceColorFilter.m in Sources */,
				58F6FF5F18F840880077D0DD /* GPUImageEffects.m in Sources */,
				58F6FFC318F842FD0077D0DD /* GPUEffectColdWinter.m in Sources */,
				58F2974518F9117A0043BF93 /* UISliderView.m in Sources */,
				5800C8C618F7E9EC00968165 /* HomeViewController.m in Sources */,
				58F6FF9E18F840C30077D0DD /* GPUImageFocusFilter.m in Sources */,
				58F1EA1618F7F3E900013688 /* UIHomeSourceButton.m in Sources */,
			);
			runOnlyForDeploymentPostprocessing = 0;
		};
		58D12A3F18F6BFAC006CCE9B /* Sources */ = {
			isa = PBXSourcesBuildPhase;
			buildActionMask = 2147483647;
			files = (
				58D12A5118F6BFAC006CCE9B /* winterpixTests.m in Sources */,
			);
			runOnlyForDeploymentPostprocessing = 0;
		};
/* End PBXSourcesBuildPhase section */

/* Begin PBXTargetDependency section */
		58D12A4918F6BFAC006CCE9B /* PBXTargetDependency */ = {
			isa = PBXTargetDependency;
			target = 58D12A2118F6BFAC006CCE9B /* winterpix */;
			targetProxy = 58D12A4818F6BFAC006CCE9B /* PBXContainerItemProxy */;
		};
/* End PBXTargetDependency section */

/* Begin PBXVariantGroup section */
		58D12A2E18F6BFAC006CCE9B /* InfoPlist.strings */ = {
			isa = PBXVariantGroup;
			children = (
				58D12A2F18F6BFAC006CCE9B /* en */,
				5800C8D918F7EB6100968165 /* ja */,
			);
			name = InfoPlist.strings;
			sourceTree = "<group>";
		};
		58D12A3718F6BFAC006CCE9B /* Main.storyboard */ = {
			isa = PBXVariantGroup;
			children = (
				58D12A3818F6BFAC006CCE9B /* Base */,
			);
			name = Main.storyboard;
			sourceTree = "<group>";
		};
		58D12A4D18F6BFAC006CCE9B /* InfoPlist.strings */ = {
			isa = PBXVariantGroup;
			children = (
				58D12A4E18F6BFAC006CCE9B /* en */,
				5800C8DA18F7EB6100968165 /* ja */,
			);
			name = InfoPlist.strings;
			sourceTree = "<group>";
		};
		58F6FF3718F8358A0077D0DD /* Localizable.strings */ = {
			isa = PBXVariantGroup;
			children = (
				58F6FF3618F8358A0077D0DD /* en */,
				58F6FF3818F8358B0077D0DD /* ja */,
			);
			name = Localizable.strings;
			sourceTree = "<group>";
		};
/* End PBXVariantGroup section */

/* Begin XCBuildConfiguration section */
		58D12A5218F6BFAD006CCE9B /* Debug */ = {
			isa = XCBuildConfiguration;
			buildSettings = {
				ALWAYS_SEARCH_USER_PATHS = NO;
				CLANG_CXX_LANGUAGE_STANDARD = "gnu++0x";
				CLANG_CXX_LIBRARY = "libc++";
				CLANG_ENABLE_MODULES = YES;
				CLANG_ENABLE_OBJC_ARC = YES;
				CLANG_WARN_BOOL_CONVERSION = YES;
				CLANG_WARN_CONSTANT_CONVERSION = YES;
				CLANG_WARN_DIRECT_OBJC_ISA_USAGE = YES_ERROR;
				CLANG_WARN_EMPTY_BODY = YES;
				CLANG_WARN_ENUM_CONVERSION = YES;
				CLANG_WARN_INT_CONVERSION = YES;
				CLANG_WARN_OBJC_ROOT_CLASS = YES_ERROR;
				CLANG_WARN__DUPLICATE_METHOD_MATCH = YES;
				"CODE_SIGN_IDENTITY[sdk=iphoneos*]" = "iPhone Developer";
				COPY_PHASE_STRIP = NO;
				GCC_C_LANGUAGE_STANDARD = gnu99;
				GCC_DYNAMIC_NO_PIC = NO;
				GCC_OPTIMIZATION_LEVEL = 0;
				GCC_PREPROCESSOR_DEFINITIONS = (
					"DEBUG=1",
					"$(inherited)",
				);
				GCC_SYMBOLS_PRIVATE_EXTERN = NO;
				GCC_WARN_64_TO_32_BIT_CONVERSION = YES;
				GCC_WARN_ABOUT_RETURN_TYPE = YES_ERROR;
				GCC_WARN_UNDECLARED_SELECTOR = YES;
				GCC_WARN_UNINITIALIZED_AUTOS = YES_AGGRESSIVE;
				GCC_WARN_UNUSED_FUNCTION = YES;
				GCC_WARN_UNUSED_VARIABLE = YES;
				IPHONEOS_DEPLOYMENT_TARGET = 7.1;
				ONLY_ACTIVE_ARCH = YES;
				SDKROOT = iphoneos;
			};
			name = Debug;
		};
		58D12A5318F6BFAD006CCE9B /* Release */ = {
			isa = XCBuildConfiguration;
			buildSettings = {
				ALWAYS_SEARCH_USER_PATHS = NO;
				CLANG_CXX_LANGUAGE_STANDARD = "gnu++0x";
				CLANG_CXX_LIBRARY = "libc++";
				CLANG_ENABLE_MODULES = YES;
				CLANG_ENABLE_OBJC_ARC = YES;
				CLANG_WARN_BOOL_CONVERSION = YES;
				CLANG_WARN_CONSTANT_CONVERSION = YES;
				CLANG_WARN_DIRECT_OBJC_ISA_USAGE = YES_ERROR;
				CLANG_WARN_EMPTY_BODY = YES;
				CLANG_WARN_ENUM_CONVERSION = YES;
				CLANG_WARN_INT_CONVERSION = YES;
				CLANG_WARN_OBJC_ROOT_CLASS = YES_ERROR;
				CLANG_WARN__DUPLICATE_METHOD_MATCH = YES;
				"CODE_SIGN_IDENTITY[sdk=iphoneos*]" = "iPhone Developer";
				COPY_PHASE_STRIP = YES;
				ENABLE_NS_ASSERTIONS = NO;
				GCC_C_LANGUAGE_STANDARD = gnu99;
				GCC_WARN_64_TO_32_BIT_CONVERSION = YES;
				GCC_WARN_ABOUT_RETURN_TYPE = YES_ERROR;
				GCC_WARN_UNDECLARED_SELECTOR = YES;
				GCC_WARN_UNINITIALIZED_AUTOS = YES_AGGRESSIVE;
				GCC_WARN_UNUSED_FUNCTION = YES;
				GCC_WARN_UNUSED_VARIABLE = YES;
				IPHONEOS_DEPLOYMENT_TARGET = 7.1;
				SDKROOT = iphoneos;
				VALIDATE_PRODUCT = YES;
			};
			name = Release;
		};
		58D12A5518F6BFAD006CCE9B /* Debug */ = {
			isa = XCBuildConfiguration;
			buildSettings = {
				ASSETCATALOG_COMPILER_APPICON_NAME = AppIcon;
				ASSETCATALOG_COMPILER_LAUNCHIMAGE_NAME = LaunchImage;
				CODE_SIGN_IDENTITY = "iPhone Developer";
				"CODE_SIGN_IDENTITY[sdk=iphoneos*]" = "iPhone Developer";
				GCC_PRECOMPILE_PREFIX_HEADER = YES;
				GCC_PREFIX_HEADER = "winterpix/winterpix-Prefix.pch";
				INFOPLIST_FILE = "winterpix/winterpix-Info.plist";
				OTHER_LDFLAGS = "-ObjC";
				PRODUCT_NAME = "$(TARGET_NAME)";
				PROVISIONING_PROFILE = "";
				USER_HEADER_SEARCH_PATHS = "./GPUImage/framework/**";
				WRAPPER_EXTENSION = app;
			};
			name = Debug;
		};
		58D12A5618F6BFAD006CCE9B /* Release */ = {
			isa = XCBuildConfiguration;
			buildSettings = {
				ASSETCATALOG_COMPILER_APPICON_NAME = AppIcon;
				ASSETCATALOG_COMPILER_LAUNCHIMAGE_NAME = LaunchImage;
				CODE_SIGN_IDENTITY = "iPhone Developer";
				"CODE_SIGN_IDENTITY[sdk=iphoneos*]" = "iPhone Developer";
				GCC_PRECOMPILE_PREFIX_HEADER = YES;
				GCC_PREFIX_HEADER = "winterpix/winterpix-Prefix.pch";
				INFOPLIST_FILE = "winterpix/winterpix-Info.plist";
				OTHER_LDFLAGS = "-ObjC";
				PRODUCT_NAME = "$(TARGET_NAME)";
				PROVISIONING_PROFILE = "";
				USER_HEADER_SEARCH_PATHS = "./GPUImage/framework/**";
				WRAPPER_EXTENSION = app;
			};
			name = Release;
		};
		58D12A5818F6BFAD006CCE9B /* Debug */ = {
			isa = XCBuildConfiguration;
			buildSettings = {
				BUNDLE_LOADER = "$(BUILT_PRODUCTS_DIR)/winterpix.app/winterpix";
				FRAMEWORK_SEARCH_PATHS = (
					"$(SDKROOT)/Developer/Library/Frameworks",
					"$(inherited)",
					"$(DEVELOPER_FRAMEWORKS_DIR)",
				);
				GCC_PRECOMPILE_PREFIX_HEADER = YES;
				GCC_PREFIX_HEADER = "winterpix/winterpix-Prefix.pch";
				GCC_PREPROCESSOR_DEFINITIONS = (
					"DEBUG=1",
					"$(inherited)",
				);
				INFOPLIST_FILE = "winterpixTests/winterpixTests-Info.plist";
				PRODUCT_NAME = "$(TARGET_NAME)";
				TEST_HOST = "$(BUNDLE_LOADER)";
				WRAPPER_EXTENSION = xctest;
			};
			name = Debug;
		};
		58D12A5918F6BFAD006CCE9B /* Release */ = {
			isa = XCBuildConfiguration;
			buildSettings = {
				BUNDLE_LOADER = "$(BUILT_PRODUCTS_DIR)/winterpix.app/winterpix";
				FRAMEWORK_SEARCH_PATHS = (
					"$(SDKROOT)/Developer/Library/Frameworks",
					"$(inherited)",
					"$(DEVELOPER_FRAMEWORKS_DIR)",
				);
				GCC_PRECOMPILE_PREFIX_HEADER = YES;
				GCC_PREFIX_HEADER = "winterpix/winterpix-Prefix.pch";
				INFOPLIST_FILE = "winterpixTests/winterpixTests-Info.plist";
				PRODUCT_NAME = "$(TARGET_NAME)";
				TEST_HOST = "$(BUNDLE_LOADER)";
				WRAPPER_EXTENSION = xctest;
			};
			name = Release;
		};
/* End XCBuildConfiguration section */

/* Begin XCConfigurationList section */
		58D12A1D18F6BFAC006CCE9B /* Build configuration list for PBXProject "Winterpix" */ = {
			isa = XCConfigurationList;
			buildConfigurations = (
				58D12A5218F6BFAD006CCE9B /* Debug */,
				58D12A5318F6BFAD006CCE9B /* Release */,
			);
			defaultConfigurationIsVisible = 0;
			defaultConfigurationName = Release;
		};
		58D12A5418F6BFAD006CCE9B /* Build configuration list for PBXNativeTarget "winterpix" */ = {
			isa = XCConfigurationList;
			buildConfigurations = (
				58D12A5518F6BFAD006CCE9B /* Debug */,
				58D12A5618F6BFAD006CCE9B /* Release */,
			);
			defaultConfigurationIsVisible = 0;
			defaultConfigurationName = Release;
		};
		58D12A5718F6BFAD006CCE9B /* Build configuration list for PBXNativeTarget "winterpixTests" */ = {
			isa = XCConfigurationList;
			buildConfigurations = (
				58D12A5818F6BFAD006CCE9B /* Debug */,
				58D12A5918F6BFAD006CCE9B /* Release */,
			);
			defaultConfigurationIsVisible = 0;
			defaultConfigurationName = Release;
		};
/* End XCConfigurationList section */
	};
	rootObject = 58D12A1A18F6BFAC006CCE9B /* Project object */;
}
